
Microsoft Visual Studio Solution File, Format Version 12.00
# Visual Studio Version 16
VisualStudioVersion = 16.0.30011.22
MinimumVisualStudioVersion = 10.0.40219.1
Project("{8BC9CEB8-8B4A-11D0-8D11-00A0C91BC942}") = "CGALRenderer", "CGALRenderer\CGALRenderer.vcxproj", "{1C525E0F-D28F-498E-9418-0063A1120555}"
	ProjectSection(ProjectDependencies) = postProject
		{A9298029-D199-48DA-A2FD-6226F230076D} = {A9298029-D199-48DA-A2FD-6226F230076D}
		{66A74143-884B-415F-947C-F231C73DB8A1} = {66A74143-884B-415F-947C-F231C73DB8A1}
		{C42EA358-67E0-4C80-A8EB-451881F2EB13} = {C42EA358-67E0-4C80-A8EB-451881F2EB13}
		{5384E95B-AE76-435A-88E3-A33B6A1EF0EE} = {5384E95B-AE76-435A-88E3-A33B6A1EF0EE}
		{B2E978C8-01D7-49E8-8E8B-76F2CAA80508} = {B2E978C8-01D7-49E8-8E8B-76F2CAA80508}
		{04240FCF-87DD-4297-A368-827AB8E3D0C1} = {04240FCF-87DD-4297-A368-827AB8E3D0C1}
		{F41547D9-694E-453E-B44B-15367A42ABE5} = {F41547D9-694E-453E-B44B-15367A42ABE5}
	EndProjectSection
EndProject
Project("{8BC9CEB8-8B4A-11D0-8D11-00A0C91BC942}") = "KIFoundation", "KIFoundation\KIFoundation.vcxproj", "{C42EA358-67E0-4C80-A8EB-451881F2EB13}"
EndProject
Project("{8BC9CEB8-8B4A-11D0-8D11-00A0C91BC942}") = "KIGfx", "KIGfx\KIGfx.vcxproj", "{5384E95B-AE76-435A-88E3-A33B6A1EF0EE}"
	ProjectSection(ProjectDependencies) = postProject
		{C42EA358-67E0-4C80-A8EB-451881F2EB13} = {C42EA358-67E0-4C80-A8EB-451881F2EB13}
	EndProjectSection
EndProject
Project("{8BC9CEB8-8B4A-11D0-8D11-00A0C91BC942}") = "KIRenderer", "KIRenderer\KIRenderer.vcxproj", "{B2E978C8-01D7-49E8-8E8B-76F2CAA80508}"
	ProjectSection(ProjectDependencies) = postProject
		{66A74143-884B-415F-947C-F231C73DB8A1} = {66A74143-884B-415F-947C-F231C73DB8A1}
		{C42EA358-67E0-4C80-A8EB-451881F2EB13} = {C42EA358-67E0-4C80-A8EB-451881F2EB13}
		{5384E95B-AE76-435A-88E3-A33B6A1EF0EE} = {5384E95B-AE76-435A-88E3-A33B6A1EF0EE}
	EndProjectSection
EndProject
Project("{8BC9CEB8-8B4A-11D0-8D11-00A0C91BC942}") = "KITopology", "KITopology\KITopology.vcxproj", "{A9298029-D199-48DA-A2FD-6226F230076D}"
	ProjectSection(ProjectDependencies) = postProject
		{C42EA358-67E0-4C80-A8EB-451881F2EB13} = {C42EA358-67E0-4C80-A8EB-451881F2EB13}
	EndProjectSection
EndProject
Project("{8BC9CEB8-8B4A-11D0-8D11-00A0C91BC942}") = "KIAlgorithm", "KIAlgorithm\KIAlgorithm.vcxproj", "{04240FCF-87DD-4297-A368-827AB8E3D0C1}"
	ProjectSection(ProjectDependencies) = postProject
		{A9298029-D199-48DA-A2FD-6226F230076D} = {A9298029-D199-48DA-A2FD-6226F230076D}
		{C42EA358-67E0-4C80-A8EB-451881F2EB13} = {C42EA358-67E0-4C80-A8EB-451881F2EB13}
	EndProjectSection
EndProject
Project("{8BC9CEB8-8B4A-11D0-8D11-00A0C91BC942}") = "KIAsset", "KIAsset\KIAsset.vcxproj", "{F41547D9-694E-453E-B44B-15367A42ABE5}"
	ProjectSection(ProjectDependencies) = postProject
		{A9298029-D199-48DA-A2FD-6226F230076D} = {A9298029-D199-48DA-A2FD-6226F230076D}
		{66A74143-884B-415F-947C-F231C73DB8A1} = {66A74143-884B-415F-947C-F231C73DB8A1}
		{C42EA358-67E0-4C80-A8EB-451881F2EB13} = {C42EA358-67E0-4C80-A8EB-451881F2EB13}
		{5384E95B-AE76-435A-88E3-A33B6A1EF0EE} = {5384E95B-AE76-435A-88E3-A33B6A1EF0EE}
		{B2E978C8-01D7-49E8-8E8B-76F2CAA80508} = {B2E978C8-01D7-49E8-8E8B-76F2CAA80508}
	EndProjectSection
EndProject
Project("{FAE04EC0-301F-11D3-BF4B-00C04F79EFBC}") = "RendererUI", "RendererUI\RendererUI.csproj", "{4972D397-7AD9-479E-B8B8-467CECB5036F}"
	ProjectSection(ProjectDependencies) = postProject
		{A9298029-D199-48DA-A2FD-6226F230076D} = {A9298029-D199-48DA-A2FD-6226F230076D}
		{C42EA358-67E0-4C80-A8EB-451881F2EB13} = {C42EA358-67E0-4C80-A8EB-451881F2EB13}
		{5384E95B-AE76-435A-88E3-A33B6A1EF0EE} = {5384E95B-AE76-435A-88E3-A33B6A1EF0EE}
		{B2E978C8-01D7-49E8-8E8B-76F2CAA80508} = {B2E978C8-01D7-49E8-8E8B-76F2CAA80508}
		{04240FCF-87DD-4297-A368-827AB8E3D0C1} = {04240FCF-87DD-4297-A368-827AB8E3D0C1}
		{F41547D9-694E-453E-B44B-15367A42ABE5} = {F41547D9-694E-453E-B44B-15367A42ABE5}
	EndProjectSection
EndProject
Project("{8BC9CEB8-8B4A-11D0-8D11-00A0C91BC942}") = "KIPresenter", "KIPresenter\KIPresenter.vcxproj", "{F89398F0-CFD9-49A2-A311-59C68BF56CD0}"
EndProject
Project("{2150E333-8FDC-42A3-9474-1A3956D46DE8}") = "CppLibrary", "CppLibrary", "{703D2242-B025-4920-8908-C9FF2A8DF952}"
EndProject
Project("{2150E333-8FDC-42A3-9474-1A3956D46DE8}") = "Application", "Application", "{2781D342-960D-4A5C-8A9C-90B44C59D7F0}"
EndProject
Project("{8BC9CEB8-8B4A-11D0-8D11-00A0C91BC942}") = "KIShaderLib", "KIShaderLib\KIShaderLib.vcxproj", "{66A74143-884B-415F-947C-F231C73DB8A1}"
	ProjectSection(ProjectDependencies) = postProject
		{C42EA358-67E0-4C80-A8EB-451881F2EB13} = {C42EA358-67E0-4C80-A8EB-451881F2EB13}
		{5384E95B-AE76-435A-88E3-A33B6A1EF0EE} = {5384E95B-AE76-435A-88E3-A33B6A1EF0EE}
	EndProjectSection
EndProject
Project("{2150E333-8FDC-42A3-9474-1A3956D46DE8}") = "Tests", "Tests", "{7C31C568-31D9-4D5E-8447-FD24961CB106}"
EndProject
Project("{8BC9CEB8-8B4A-11D0-8D11-00A0C91BC942}") = "RenderTest", "RenderTest\RenderTest.vcxproj", "{9FEA315C-2271-462A-9FA5-670DC90D8D5C}"
EndProject
Global
	GlobalSection(SolutionConfigurationPlatforms) = preSolution
		Debug|Any CPU = Debug|Any CPU
		Debug|x64 = Debug|x64
		Debug|x86 = Debug|x86
		Release|Any CPU = Release|Any CPU
		Release|x64 = Release|x64
		Release|x86 = Release|x86
	EndGlobalSection
	GlobalSection(ProjectConfigurationPlatforms) = postSolution
		{1C525E0F-D28F-498E-9418-0063A1120555}.Debug|Any CPU.ActiveCfg = Debug|Win32
		{1C525E0F-D28F-498E-9418-0063A1120555}.Debug|x64.ActiveCfg = Debug|x64
		{1C525E0F-D28F-498E-9418-0063A1120555}.Debug|x64.Build.0 = Debug|x64
		{1C525E0F-D28F-498E-9418-0063A1120555}.Debug|x86.ActiveCfg = Debug|Win32
		{1C525E0F-D28F-498E-9418-0063A1120555}.Debug|x86.Build.0 = Debug|Win32
		{1C525E0F-D28F-498E-9418-0063A1120555}.Release|Any CPU.ActiveCfg = Release|Win32
		{1C525E0F-D28F-498E-9418-0063A1120555}.Release|x64.ActiveCfg = Release|x64
		{1C525E0F-D28F-498E-9418-0063A1120555}.Release|x64.Build.0 = Release|x64
		{1C525E0F-D28F-498E-9418-0063A1120555}.Release|x86.ActiveCfg = Release|Win32
		{1C525E0F-D28F-498E-9418-0063A1120555}.Release|x86.Build.0 = Release|Win32
		{C42EA358-67E0-4C80-A8EB-451881F2EB13}.Debug|Any CPU.ActiveCfg = Debug|Win32
		{C42EA358-67E0-4C80-A8EB-451881F2EB13}.Debug|x64.ActiveCfg = Debug|x64
		{C42EA358-67E0-4C80-A8EB-451881F2EB13}.Debug|x64.Build.0 = Debug|x64
		{C42EA358-67E0-4C80-A8EB-451881F2EB13}.Debug|x86.ActiveCfg = Debug|Win32
		{C42EA358-67E0-4C80-A8EB-451881F2EB13}.Debug|x86.Build.0 = Debug|Win32
		{C42EA358-67E0-4C80-A8EB-451881F2EB13}.Release|Any CPU.ActiveCfg = Release|Win32
		{C42EA358-67E0-4C80-A8EB-451881F2EB13}.Release|x64.ActiveCfg = Release|x64
		{C42EA358-67E0-4C80-A8EB-451881F2EB13}.Release|x64.Build.0 = Release|x64
		{C42EA358-67E0-4C80-A8EB-451881F2EB13}.Release|x86.ActiveCfg = Release|Win32
		{C42EA358-67E0-4C80-A8EB-451881F2EB13}.Release|x86.Build.0 = Release|Win32
		{5384E95B-AE76-435A-88E3-A33B6A1EF0EE}.Debug|Any CPU.ActiveCfg = Debug|Win32
		{5384E95B-AE76-435A-88E3-A33B6A1EF0EE}.Debug|x64.ActiveCfg = Debug|x64
		{5384E95B-AE76-435A-88E3-A33B6A1EF0EE}.Debug|x64.Build.0 = Debug|x64
		{5384E95B-AE76-435A-88E3-A33B6A1EF0EE}.Debug|x86.ActiveCfg = Debug|Win32
		{5384E95B-AE76-435A-88E3-A33B6A1EF0EE}.Debug|x86.Build.0 = Debug|Win32
		{5384E95B-AE76-435A-88E3-A33B6A1EF0EE}.Release|Any CPU.ActiveCfg = Release|Win32
		{5384E95B-AE76-435A-88E3-A33B6A1EF0EE}.Release|x64.ActiveCfg = Release|x64
		{5384E95B-AE76-435A-88E3-A33B6A1EF0EE}.Release|x64.Build.0 = Release|x64
		{5384E95B-AE76-435A-88E3-A33B6A1EF0EE}.Release|x86.ActiveCfg = Release|Win32
		{5384E95B-AE76-435A-88E3-A33B6A1EF0EE}.Release|x86.Build.0 = Release|Win32
		{B2E978C8-01D7-49E8-8E8B-76F2CAA80508}.Debug|Any CPU.ActiveCfg = Debug|Win32
		{B2E978C8-01D7-49E8-8E8B-76F2CAA80508}.Debug|x64.ActiveCfg = Debug|x64
		{B2E978C8-01D7-49E8-8E8B-76F2CAA80508}.Debug|x64.Build.0 = Debug|x64
		{B2E978C8-01D7-49E8-8E8B-76F2CAA80508}.Debug|x86.ActiveCfg = Debug|Win32
		{B2E978C8-01D7-49E8-8E8B-76F2CAA80508}.Debug|x86.Build.0 = Debug|Win32
		{B2E978C8-01D7-49E8-8E8B-76F2CAA80508}.Release|Any CPU.ActiveCfg = Release|Win32
		{B2E978C8-01D7-49E8-8E8B-76F2CAA80508}.Release|x64.ActiveCfg = Release|x64
		{B2E978C8-01D7-49E8-8E8B-76F2CAA80508}.Release|x64.Build.0 = Release|x64
		{B2E978C8-01D7-49E8-8E8B-76F2CAA80508}.Release|x86.ActiveCfg = Release|Win32
		{B2E978C8-01D7-49E8-8E8B-76F2CAA80508}.Release|x86.Build.0 = Release|Win32
		{A9298029-D199-48DA-A2FD-6226F230076D}.Debug|Any CPU.ActiveCfg = Debug|Win32
		{A9298029-D199-48DA-A2FD-6226F230076D}.Debug|x64.ActiveCfg = Debug|x64
		{A9298029-D199-48DA-A2FD-6226F230076D}.Debug|x64.Build.0 = Debug|x64
		{A9298029-D199-48DA-A2FD-6226F230076D}.Debug|x86.ActiveCfg = Debug|Win32
		{A9298029-D199-48DA-A2FD-6226F230076D}.Debug|x86.Build.0 = Debug|Win32
		{A9298029-D199-48DA-A2FD-6226F230076D}.Release|Any CPU.ActiveCfg = Release|Win32
		{A9298029-D199-48DA-A2FD-6226F230076D}.Release|x64.ActiveCfg = Release|x64
		{A9298029-D199-48DA-A2FD-6226F230076D}.Release|x64.Build.0 = Release|x64
		{A9298029-D199-48DA-A2FD-6226F230076D}.Release|x86.ActiveCfg = Release|Win32
		{A9298029-D199-48DA-A2FD-6226F230076D}.Release|x86.Build.0 = Release|Win32
		{04240FCF-87DD-4297-A368-827AB8E3D0C1}.Debug|Any CPU.ActiveCfg = Debug|Win32
		{04240FCF-87DD-4297-A368-827AB8E3D0C1}.Debug|x64.ActiveCfg = Debug|x64
		{04240FCF-87DD-4297-A368-827AB8E3D0C1}.Debug|x64.Build.0 = Debug|x64
		{04240FCF-87DD-4297-A368-827AB8E3D0C1}.Debug|x86.ActiveCfg = Debug|Win32
		{04240FCF-87DD-4297-A368-827AB8E3D0C1}.Debug|x86.Build.0 = Debug|Win32
		{04240FCF-87DD-4297-A368-827AB8E3D0C1}.Release|Any CPU.ActiveCfg = Release|Win32
		{04240FCF-87DD-4297-A368-827AB8E3D0C1}.Release|x64.ActiveCfg = Release|x64
		{04240FCF-87DD-4297-A368-827AB8E3D0C1}.Release|x64.Build.0 = Release|x64
		{04240FCF-87DD-4297-A368-827AB8E3D0C1}.Release|x86.ActiveCfg = Release|Win32
		{04240FCF-87DD-4297-A368-827AB8E3D0C1}.Release|x86.Build.0 = Release|Win32
		{F41547D9-694E-453E-B44B-15367A42ABE5}.Debug|Any CPU.ActiveCfg = Debug|Win32
		{F41547D9-694E-453E-B44B-15367A42ABE5}.Debug|x64.ActiveCfg = Debug|x64
		{F41547D9-694E-453E-B44B-15367A42ABE5}.Debug|x64.Build.0 = Debug|x64
		{F41547D9-694E-453E-B44B-15367A42ABE5}.Debug|x86.ActiveCfg = Debug|Win32
		{F41547D9-694E-453E-B44B-15367A42ABE5}.Debug|x86.Build.0 = Debug|Win32
		{F41547D9-694E-453E-B44B-15367A42ABE5}.Release|Any CPU.ActiveCfg = Release|Win32
		{F41547D9-694E-453E-B44B-15367A42ABE5}.Release|x64.ActiveCfg = Release|x64
		{F41547D9-694E-453E-B44B-15367A42ABE5}.Release|x64.Build.0 = Release|x64
		{F41547D9-694E-453E-B44B-15367A42ABE5}.Release|x86.ActiveCfg = Release|Win32
		{F41547D9-694E-453E-B44B-15367A42ABE5}.Release|x86.Build.0 = Release|Win32
		{4972D397-7AD9-479E-B8B8-467CECB5036F}.Debug|Any CPU.ActiveCfg = Debug|Any CPU
		{4972D397-7AD9-479E-B8B8-467CECB5036F}.Debug|Any CPU.Build.0 = Debug|Any CPU
		{4972D397-7AD9-479E-B8B8-467CECB5036F}.Debug|x64.ActiveCfg = Debug|Any CPU
		{4972D397-7AD9-479E-B8B8-467CECB5036F}.Debug|x64.Build.0 = Debug|Any CPU
		{4972D397-7AD9-479E-B8B8-467CECB5036F}.Debug|x86.ActiveCfg = Debug|Any CPU
		{4972D397-7AD9-479E-B8B8-467CECB5036F}.Debug|x86.Build.0 = Debug|Any CPU
		{4972D397-7AD9-479E-B8B8-467CECB5036F}.Release|Any CPU.ActiveCfg = Release|Any CPU
		{4972D397-7AD9-479E-B8B8-467CECB5036F}.Release|Any CPU.Build.0 = Release|Any CPU
		{4972D397-7AD9-479E-B8B8-467CECB5036F}.Release|x64.ActiveCfg = Release|Any CPU
		{4972D397-7AD9-479E-B8B8-467CECB5036F}.Release|x64.Build.0 = Release|Any CPU
		{4972D397-7AD9-479E-B8B8-467CECB5036F}.Release|x86.ActiveCfg = Release|Any CPU
		{4972D397-7AD9-479E-B8B8-467CECB5036F}.Release|x86.Build.0 = Release|Any CPU
		{F89398F0-CFD9-49A2-A311-59C68BF56CD0}.Debug|Any CPU.ActiveCfg = Debug|Win32
		{F89398F0-CFD9-49A2-A311-59C68BF56CD0}.Debug|x64.ActiveCfg = Debug|x64
		{F89398F0-CFD9-49A2-A311-59C68BF56CD0}.Debug|x64.Build.0 = Debug|x64
		{F89398F0-CFD9-49A2-A311-59C68BF56CD0}.Debug|x86.ActiveCfg = Debug|Win32
		{F89398F0-CFD9-49A2-A311-59C68BF56CD0}.Debug|x86.Build.0 = Debug|Win32
		{F89398F0-CFD9-49A2-A311-59C68BF56CD0}.Release|Any CPU.ActiveCfg = Release|Win32
		{F89398F0-CFD9-49A2-A311-59C68BF56CD0}.Release|x64.ActiveCfg = Release|x64
		{F89398F0-CFD9-49A2-A311-59C68BF56CD0}.Release|x64.Build.0 = Release|x64
		{F89398F0-CFD9-49A2-A311-59C68BF56CD0}.Release|x86.ActiveCfg = Release|Win32
		{F89398F0-CFD9-49A2-A311-59C68BF56CD0}.Release|x86.Build.0 = Release|Win32
		{66A74143-884B-415F-947C-F231C73DB8A1}.Debug|Any CPU.ActiveCfg = Debug|Win32
		{66A74143-884B-415F-947C-F231C73DB8A1}.Debug|x64.ActiveCfg = Debug|x64
		{66A74143-884B-415F-947C-F231C73DB8A1}.Debug|x64.Build.0 = Debug|x64
		{66A74143-884B-415F-947C-F231C73DB8A1}.Debug|x86.ActiveCfg = Debug|Win32
		{66A74143-884B-415F-947C-F231C73DB8A1}.Debug|x86.Build.0 = Debug|Win32
		{66A74143-884B-415F-947C-F231C73DB8A1}.Release|Any CPU.ActiveCfg = Release|Win32
		{66A74143-884B-415F-947C-F231C73DB8A1}.Release|x64.ActiveCfg = Release|x64
		{66A74143-884B-415F-947C-F231C73DB8A1}.Release|x64.Build.0 = Release|x64
		{66A74143-884B-415F-947C-F231C73DB8A1}.Release|x86.ActiveCfg = Release|Win32
		{66A74143-884B-415F-947C-F231C73DB8A1}.Release|x86.Build.0 = Release|Win32
		{9FEA315C-2271-462A-9FA5-670DC90D8D5C}.Debug|Any CPU.ActiveCfg = Debug|Win32
		{9FEA315C-2271-462A-9FA5-670DC90D8D5C}.Debug|x64.ActiveCfg = Debug|x64
		{9FEA315C-2271-462A-9FA5-670DC90D8D5C}.Debug|x64.Build.0 = Debug|x64
		{9FEA315C-2271-462A-9FA5-670DC90D8D5C}.Debug|x86.ActiveCfg = Debug|Win32
		{9FEA315C-2271-462A-9FA5-670DC90D8D5C}.Debug|x86.Build.0 = Debug|Win32
		{9FEA315C-2271-462A-9FA5-670DC90D8D5C}.Release|Any CPU.ActiveCfg = Release|Win32
		{9FEA315C-2271-462A-9FA5-670DC90D8D5C}.Release|x64.ActiveCfg = Release|x64
		{9FEA315C-2271-462A-9FA5-670DC90D8D5C}.Release|x64.Build.0 = Release|x64
		{9FEA315C-2271-462A-9FA5-670DC90D8D5C}.Release|x86.ActiveCfg = Release|Win32
		{9FEA315C-2271-462A-9FA5-670DC90D8D5C}.Release|x86.Build.0 = Release|Win32
	EndGlobalSection
	GlobalSection(SolutionProperties) = preSolution
		HideSolutionNode = FALSE
	EndGlobalSection
	GlobalSection(NestedProjects) = preSolution
		{C42EA358-67E0-4C80-A8EB-451881F2EB13} = {703D2242-B025-4920-8908-C9FF2A8DF952}
		{5384E95B-AE76-435A-88E3-A33B6A1EF0EE} = {703D2242-B025-4920-8908-C9FF2A8DF952}
		{B2E978C8-01D7-49E8-8E8B-76F2CAA80508} = {703D2242-B025-4920-8908-C9FF2A8DF952}
		{A9298029-D199-48DA-A2FD-6226F230076D} = {703D2242-B025-4920-8908-C9FF2A8DF952}
		{04240FCF-87DD-4297-A368-827AB8E3D0C1} = {703D2242-B025-4920-8908-C9FF2A8DF952}
		{F41547D9-694E-453E-B44B-15367A42ABE5} = {703D2242-B025-4920-8908-C9FF2A8DF952}
		{66A74143-884B-415F-947C-F231C73DB8A1} = {703D2242-B025-4920-8908-C9FF2A8DF952}
		{9FEA315C-2271-462A-9FA5-670DC90D8D5C} = {7C31C568-31D9-4D5E-8447-FD24961CB106}
	EndGlobalSection
	GlobalSection(ExtensibilityGlobals) = postSolution
		SolutionGuid = {787B86FE-4B30-44A2-9DB3-A6D015557FD3}
	EndGlobalSection
EndGlobal
