
Microsoft Visual Studio Solution File, Format Version 12.00
# Visual Studio 15
VisualStudioVersion = 15.0.28307.645
MinimumVisualStudioVersion = 10.0.40219.1
Project("{8BC9CEB8-8B4A-11D0-8D11-00A0C91BC942}") = "CGALRenderer", "CGALRenderer\CGALRenderer.vcxproj", "{1C525E0F-D28F-498E-9418-0063A1120555}"
	ProjectSection(ProjectDependencies) = postProject
		{A9298029-D199-48DA-A2FD-6226F230076D} = {A9298029-D199-48DA-A2FD-6226F230076D}
		{C42EA358-67E0-4C80-A8EB-451881F2EB13} = {C42EA358-67E0-4C80-A8EB-451881F2EB13}
		{5384E95B-AE76-435A-88E3-A33B6A1EF0EE} = {5384E95B-AE76-435A-88E3-A33B6A1EF0EE}
		{B2E978C8-01D7-49E8-8E8B-76F2CAA80508} = {B2E978C8-01D7-49E8-8E8B-76F2CAA80508}
		{04240FCF-87DD-4297-A368-827AB8E3D0C1} = {04240FCF-87DD-4297-A368-827AB8E3D0C1}
		{F41547D9-694E-453E-B44B-15367A42ABE5} = {F41547D9-694E-453E-B44B-15367A42ABE5}
	EndProjectSection
EndProject
Project("{8BC9CEB8-8B4A-11D0-8D11-00A0C91BC942}") = "KIFoundation", "KIFoundation\KIFoundation.vcxproj", "{C42EA358-67E0-4C80-A8EB-451881F2EB13}"
EndProject
Project("{8BC9CEB8-8B4A-11D0-8D11-00A0C91BC942}") = "KIGfx", "KIGfx\KIGfx.vcxproj", "{5384E95B-AE76-435A-88E3-A33B6A1EF0EE}"
	ProjectSection(ProjectDependencies) = postProject
		{C42EA358-67E0-4C80-A8EB-451881F2EB13} = {C42EA358-67E0-4C80-A8EB-451881F2EB13}
	EndProjectSection
EndProject
Project("{8BC9CEB8-8B4A-11D0-8D11-00A0C91BC942}") = "KIRenderer", "KIRenderer\KIRenderer.vcxproj", "{B2E978C8-01D7-49E8-8E8B-76F2CAA80508}"
	ProjectSection(ProjectDependencies) = postProject
		{C42EA358-67E0-4C80-A8EB-451881F2EB13} = {C42EA358-67E0-4C80-A8EB-451881F2EB13}
		{5384E95B-AE76-435A-88E3-A33B6A1EF0EE} = {5384E95B-AE76-435A-88E3-A33B6A1EF0EE}
	EndProjectSection
EndProject
Project("{8BC9CEB8-8B4A-11D0-8D11-00A0C91BC942}") = "KITopology", "KITopology\KITopology.vcxproj", "{A9298029-D199-48DA-A2FD-6226F230076D}"
	ProjectSection(ProjectDependencies) = postProject
		{C42EA358-67E0-4C80-A8EB-451881F2EB13} = {C42EA358-67E0-4C80-A8EB-451881F2EB13}
	EndProjectSection
EndProject
Project("{8BC9CEB8-8B4A-11D0-8D11-00A0C91BC942}") = "KIAlgorithm", "KIAlgorithm\KIAlgorithm.vcxproj", "{04240FCF-87DD-4297-A368-827AB8E3D0C1}"
	ProjectSection(ProjectDependencies) = postProject
		{A9298029-D199-48DA-A2FD-6226F230076D} = {A9298029-D199-48DA-A2FD-6226F230076D}
		{C42EA358-67E0-4C80-A8EB-451881F2EB13} = {C42EA358-67E0-4C80-A8EB-451881F2EB13}
	EndProjectSection
EndProject
Project("{8BC9CEB8-8B4A-11D0-8D11-00A0C91BC942}") = "KIAsset", "KIAsset\KIAsset.vcxproj", "{F41547D9-694E-453E-B44B-15367A42ABE5}"
EndProject
Global
	GlobalSection(SolutionConfigurationPlatforms) = preSolution
		Debug|x64 = Debug|x64
		Debug|x86 = Debug|x86
		Release|x64 = Release|x64
		Release|x86 = Release|x86
	EndGlobalSection
	GlobalSection(ProjectConfigurationPlatforms) = postSolution
		{1C525E0F-D28F-498E-9418-0063A1120555}.Debug|x64.ActiveCfg = Debug|x64
		{1C525E0F-D28F-498E-9418-0063A1120555}.Debug|x64.Build.0 = Debug|x64
		{1C525E0F-D28F-498E-9418-0063A1120555}.Debug|x86.ActiveCfg = Debug|Win32
		{1C525E0F-D28F-498E-9418-0063A1120555}.Debug|x86.Build.0 = Debug|Win32
		{1C525E0F-D28F-498E-9418-0063A1120555}.Release|x64.ActiveCfg = Release|x64
		{1C525E0F-D28F-498E-9418-0063A1120555}.Release|x64.Build.0 = Release|x64
		{1C525E0F-D28F-498E-9418-0063A1120555}.Release|x86.ActiveCfg = Release|Win32
		{1C525E0F-D28F-498E-9418-0063A1120555}.Release|x86.Build.0 = Release|Win32
		{C42EA358-67E0-4C80-A8EB-451881F2EB13}.Debug|x64.ActiveCfg = Debug|x64
		{C42EA358-67E0-4C80-A8EB-451881F2EB13}.Debug|x64.Build.0 = Debug|x64
		{C42EA358-67E0-4C80-A8EB-451881F2EB13}.Debug|x86.ActiveCfg = Debug|Win32
		{C42EA358-67E0-4C80-A8EB-451881F2EB13}.Debug|x86.Build.0 = Debug|Win32
		{C42EA358-67E0-4C80-A8EB-451881F2EB13}.Release|x64.ActiveCfg = Release|x64
		{C42EA358-67E0-4C80-A8EB-451881F2EB13}.Release|x64.Build.0 = Release|x64
		{C42EA358-67E0-4C80-A8EB-451881F2EB13}.Release|x86.ActiveCfg = Release|Win32
		{C42EA358-67E0-4C80-A8EB-451881F2EB13}.Release|x86.Build.0 = Release|Win32
		{5384E95B-AE76-435A-88E3-A33B6A1EF0EE}.Debug|x64.ActiveCfg = Debug|x64
		{5384E95B-AE76-435A-88E3-A33B6A1EF0EE}.Debug|x64.Build.0 = Debug|x64
		{5384E95B-AE76-435A-88E3-A33B6A1EF0EE}.Debug|x86.ActiveCfg = Debug|Win32
		{5384E95B-AE76-435A-88E3-A33B6A1EF0EE}.Debug|x86.Build.0 = Debug|Win32
		{5384E95B-AE76-435A-88E3-A33B6A1EF0EE}.Release|x64.ActiveCfg = Release|x64
		{5384E95B-AE76-435A-88E3-A33B6A1EF0EE}.Release|x64.Build.0 = Release|x64
		{5384E95B-AE76-435A-88E3-A33B6A1EF0EE}.Release|x86.ActiveCfg = Release|Win32
		{5384E95B-AE76-435A-88E3-A33B6A1EF0EE}.Release|x86.Build.0 = Release|Win32
		{B2E978C8-01D7-49E8-8E8B-76F2CAA80508}.Debug|x64.ActiveCfg = Debug|x64
		{B2E978C8-01D7-49E8-8E8B-76F2CAA80508}.Debug|x64.Build.0 = Debug|x64
		{B2E978C8-01D7-49E8-8E8B-76F2CAA80508}.Debug|x86.ActiveCfg = Debug|Win32
		{B2E978C8-01D7-49E8-8E8B-76F2CAA80508}.Debug|x86.Build.0 = Debug|Win32
		{B2E978C8-01D7-49E8-8E8B-76F2CAA80508}.Release|x64.ActiveCfg = Release|x64
		{B2E978C8-01D7-49E8-8E8B-76F2CAA80508}.Release|x64.Build.0 = Release|x64
		{B2E978C8-01D7-49E8-8E8B-76F2CAA80508}.Release|x86.ActiveCfg = Release|Win32
		{B2E978C8-01D7-49E8-8E8B-76F2CAA80508}.Release|x86.Build.0 = Release|Win32
		{A9298029-D199-48DA-A2FD-6226F230076D}.Debug|x64.ActiveCfg = Debug|x64
		{A9298029-D199-48DA-A2FD-6226F230076D}.Debug|x64.Build.0 = Debug|x64
		{A9298029-D199-48DA-A2FD-6226F230076D}.Debug|x86.ActiveCfg = Debug|Win32
		{A9298029-D199-48DA-A2FD-6226F230076D}.Debug|x86.Build.0 = Debug|Win32
		{A9298029-D199-48DA-A2FD-6226F230076D}.Release|x64.ActiveCfg = Release|x64
		{A9298029-D199-48DA-A2FD-6226F230076D}.Release|x64.Build.0 = Release|x64
		{A9298029-D199-48DA-A2FD-6226F230076D}.Release|x86.ActiveCfg = Release|Win32
		{A9298029-D199-48DA-A2FD-6226F230076D}.Release|x86.Build.0 = Release|Win32
		{04240FCF-87DD-4297-A368-827AB8E3D0C1}.Debug|x64.ActiveCfg = Debug|x64
		{04240FCF-87DD-4297-A368-827AB8E3D0C1}.Debug|x64.Build.0 = Debug|x64
		{04240FCF-87DD-4297-A368-827AB8E3D0C1}.Debug|x86.ActiveCfg = Debug|Win32
		{04240FCF-87DD-4297-A368-827AB8E3D0C1}.Debug|x86.Build.0 = Debug|Win32
		{04240FCF-87DD-4297-A368-827AB8E3D0C1}.Release|x64.ActiveCfg = Release|x64
		{04240FCF-87DD-4297-A368-827AB8E3D0C1}.Release|x64.Build.0 = Release|x64
		{04240FCF-87DD-4297-A368-827AB8E3D0C1}.Release|x86.ActiveCfg = Release|Win32
		{04240FCF-87DD-4297-A368-827AB8E3D0C1}.Release|x86.Build.0 = Release|Win32
		{F41547D9-694E-453E-B44B-15367A42ABE5}.Debug|x64.ActiveCfg = Debug|x64
		{F41547D9-694E-453E-B44B-15367A42ABE5}.Debug|x64.Build.0 = Debug|x64
		{F41547D9-694E-453E-B44B-15367A42ABE5}.Debug|x86.ActiveCfg = Debug|Win32
		{F41547D9-694E-453E-B44B-15367A42ABE5}.Debug|x86.Build.0 = Debug|Win32
		{F41547D9-694E-453E-B44B-15367A42ABE5}.Release|x64.ActiveCfg = Release|x64
		{F41547D9-694E-453E-B44B-15367A42ABE5}.Release|x64.Build.0 = Release|x64
		{F41547D9-694E-453E-B44B-15367A42ABE5}.Release|x86.ActiveCfg = Release|Win32
		{F41547D9-694E-453E-B44B-15367A42ABE5}.Release|x86.Build.0 = Release|Win32
	EndGlobalSection
	GlobalSection(SolutionProperties) = preSolution
		HideSolutionNode = FALSE
	EndGlobalSection
	GlobalSection(ExtensibilityGlobals) = postSolution
		SolutionGuid = {787B86FE-4B30-44A2-9DB3-A6D015557FD3}
	EndGlobalSection
EndGlobal
