<?xml version="1.0" encoding="utf-8"?>
<Project ToolsVersion="4.0" xmlns="http://schemas.microsoft.com/developer/msbuild/2003">
  <ItemGroup>
    <Filter Include="ソース ファイル">
      <UniqueIdentifier>{4FC737F1-C7A5-4376-A066-2A32D752A2FF}</UniqueIdentifier>
      <Extensions>cpp;c;cc;cxx;def;odl;idl;hpj;bat;asm;asmx</Extensions>
    </Filter>
    <Filter Include="ヘッダー ファイル">
      <UniqueIdentifier>{93995380-89BD-4b04-88EB-625FBE52EBFB}</UniqueIdentifier>
      <Extensions>h;hh;hpp;hxx;hm;inl;inc;ipp;xsd</Extensions>
    </Filter>
    <Filter Include="リソース ファイル">
      <UniqueIdentifier>{67DA6AB6-F800-4c08-8B7A-83BB121AAD01}</UniqueIdentifier>
      <Extensions>rc;ico;cur;bmp;dlg;rc2;rct;bin;rgs;gif;jpg;jpeg;jpe;resx;tiff;tif;png;wav;mfcribbon-ms</Extensions>
    </Filter>
    <Filter Include="ソース ファイル\Application">
      <UniqueIdentifier>{15110f68-edde-44c2-b0f2-e9629ac92aa0}</UniqueIdentifier>
    </Filter>
    <Filter Include="ヘッダー ファイル\Application">
      <UniqueIdentifier>{1afcbafc-87d6-4dee-8e21-ce5e8dbd2e29}</UniqueIdentifier>
    </Filter>
    <Filter Include="ソース ファイル\Application\InitApp">
      <UniqueIdentifier>{9147df9e-f48e-491c-92db-9b63b1b9ed9e}</UniqueIdentifier>
    </Filter>
    <Filter Include="ヘッダー ファイル\Application\InitApp">
      <UniqueIdentifier>{19de7987-1a26-457e-82a7-84b5d081fc24}</UniqueIdentifier>
    </Filter>
  </ItemGroup>
  <ItemGroup>
    <ClInclude Include="pch.h">
      <Filter>ヘッダー ファイル</Filter>
    </ClInclude>
    <ClInclude Include="Project.h">
      <Filter>ヘッダー ファイル\Application</Filter>
    </ClInclude>
    <ClInclude Include="SpecialUtility.h">
      <Filter>ヘッダー ファイル\Application</Filter>
    </ClInclude>
    <ClInclude Include="BunnyScene.h">
      <Filter>ヘッダー ファイル\Application\InitApp</Filter>
    </ClInclude>
    <ClInclude Include="VoronoiScene.h">
      <Filter>ヘッダー ファイル\Application\InitApp</Filter>
    </ClInclude>
    <ClInclude Include="PrimitiveScene.h">
      <Filter>ヘッダー ファイル\Application\InitApp</Filter>
    </ClInclude>
    <ClInclude Include="PfxScene.h">
      <Filter>ヘッダー ファイル\Application\InitApp</Filter>
    </ClInclude>
    <ClInclude Include="TessellationScene.h">
      <Filter>ヘッダー ファイル\Application\InitApp</Filter>
    </ClInclude>
    <ClInclude Include="RungeKuttaScene.h">
      <Filter>ヘッダー ファイル\Application\InitApp</Filter>
    </ClInclude>
    <ClInclude Include="SampleScene.h">
      <Filter>ヘッダー ファイル\Application\InitApp</Filter>
    </ClInclude>
    <ClInclude Include="AlgorithmScene.h">
      <Filter>ヘッダー ファイル\Application\InitApp</Filter>
    </ClInclude>
  </ItemGroup>
  <ItemGroup>
    <ClCompile Include="pch.cpp">
      <Filter>ソース ファイル</Filter>
    </ClCompile>
    <ClCompile Include="main.cpp">
      <Filter>ソース ファイル</Filter>
    </ClCompile>
    <ClCompile Include="Project.cpp">
      <Filter>ソース ファイル\Application</Filter>
    </ClCompile>
    <ClCompile Include="SpecialUtility.cpp">
      <Filter>ソース ファイル\Application</Filter>
    </ClCompile>
    <ClCompile Include="BunnyScene.cpp">
      <Filter>ソース ファイル\Application\InitApp</Filter>
    </ClCompile>
    <ClCompile Include="VoronoiScene.cpp">
      <Filter>ソース ファイル\Application\InitApp</Filter>
    </ClCompile>
    <ClCompile Include="PrimitiveScene.cpp">
      <Filter>ソース ファイル\Application\InitApp</Filter>
    </ClCompile>
    <ClCompile Include="PfxScene.cpp">
      <Filter>ソース ファイル\Application\InitApp</Filter>
    </ClCompile>
    <ClCompile Include="TessellationScene.cpp">
      <Filter>ソース ファイル\Application\InitApp</Filter>
    </ClCompile>
    <ClCompile Include="RungeKuttaScene.cpp">
      <Filter>ソース ファイル\Application\InitApp</Filter>
    </ClCompile>
    <ClCompile Include="SampleScene.cpp">
      <Filter>ソース ファイル\Application\InitApp</Filter>
    </ClCompile>
    <ClCompile Include="AlgorithmScene.cpp">
      <Filter>ソース ファイル\Application\InitApp</Filter>
    </ClCompile>
  </ItemGroup>
</Project>