<?xml version="1.0" encoding="utf-8"?>
<Project ToolsVersion="4.0" xmlns="http://schemas.microsoft.com/developer/msbuild/2003">
  <ItemGroup>
    <Filter Include="ソース ファイル">
      <UniqueIdentifier>{4FC737F1-C7A5-4376-A066-2A32D752A2FF}</UniqueIdentifier>
      <Extensions>cpp;c;cc;cxx;def;odl;idl;hpj;bat;asm;asmx</Extensions>
    </Filter>
    <Filter Include="ヘッダー ファイル">
      <UniqueIdentifier>{93995380-89BD-4b04-88EB-625FBE52EBFB}</UniqueIdentifier>
      <Extensions>h;hh;hpp;hxx;hm;inl;inc;ipp;xsd</Extensions>
    </Filter>
    <Filter Include="リソース ファイル">
      <UniqueIdentifier>{67DA6AB6-F800-4c08-8B7A-83BB121AAD01}</UniqueIdentifier>
      <Extensions>rc;ico;cur;bmp;dlg;rc2;rct;bin;rgs;gif;jpg;jpeg;jpe;resx;tiff;tif;png;wav;mfcribbon-ms</Extensions>
    </Filter>
    <Filter Include="ソース ファイル\Node">
      <UniqueIdentifier>{3a384ef3-c22d-4d9f-889f-8eb1bd9b6b50}</UniqueIdentifier>
    </Filter>
    <Filter Include="ヘッダー ファイル\Node">
      <UniqueIdentifier>{d1278a9c-9794-40be-8359-97f0d1d406a9}</UniqueIdentifier>
    </Filter>
    <Filter Include="ヘッダー ファイル\Property">
      <UniqueIdentifier>{6a6153e5-4cff-4866-a267-2cc66b0acdde}</UniqueIdentifier>
    </Filter>
    <Filter Include="ソース ファイル\Property">
      <UniqueIdentifier>{4ef29438-b804-4af0-967b-22ae94b72d9f}</UniqueIdentifier>
    </Filter>
  </ItemGroup>
  <ItemGroup>
    <ClInclude Include="framework.h">
      <Filter>ヘッダー ファイル</Filter>
    </ClInclude>
    <ClInclude Include="pch.h">
      <Filter>ヘッダー ファイル</Filter>
    </ClInclude>
    <ClInclude Include="BDBProperty.h">
      <Filter>ヘッダー ファイル\Property</Filter>
    </ClInclude>
    <ClInclude Include="HalfEdgeProperty.h">
      <Filter>ヘッダー ファイル\Property</Filter>
    </ClInclude>
    <ClInclude Include="NormalProperty.h">
      <Filter>ヘッダー ファイル\Property</Filter>
    </ClInclude>
    <ClInclude Include="BezierLineNode.h">
      <Filter>ヘッダー ファイル\Node</Filter>
    </ClInclude>
    <ClInclude Include="HalfEdgeDSNode.h">
      <Filter>ヘッダー ファイル\Node</Filter>
    </ClInclude>
    <ClInclude Include="ManipulatorNode.h">
      <Filter>ヘッダー ファイル\Node</Filter>
    </ClInclude>
    <ClInclude Include="PolygonModelNode.h">
      <Filter>ヘッダー ファイル\Node</Filter>
    </ClInclude>
    <ClInclude Include="PrimitiveNode.h">
      <Filter>ヘッダー ファイル\Node</Filter>
    </ClInclude>
    <ClInclude Include="CameraNode.h">
      <Filter>ヘッダー ファイル\Node</Filter>
    </ClInclude>
  </ItemGroup>
  <ItemGroup>
    <ClCompile Include="dllmain.cpp">
      <Filter>ソース ファイル</Filter>
    </ClCompile>
    <ClCompile Include="pch.cpp">
      <Filter>ソース ファイル</Filter>
    </ClCompile>
    <ClCompile Include="BDBProperty.cpp">
      <Filter>ソース ファイル\Property</Filter>
    </ClCompile>
    <ClCompile Include="HalfEdgeProperty.cpp">
      <Filter>ソース ファイル\Property</Filter>
    </ClCompile>
    <ClCompile Include="NormalProperty.cpp">
      <Filter>ソース ファイル\Property</Filter>
    </ClCompile>
    <ClCompile Include="BezierLineNode.cpp">
      <Filter>ソース ファイル\Node</Filter>
    </ClCompile>
    <ClCompile Include="HalfEdgeDSNode.cpp">
      <Filter>ソース ファイル\Node</Filter>
    </ClCompile>
    <ClCompile Include="ManipulatorNode.cpp">
      <Filter>ソース ファイル\Node</Filter>
    </ClCompile>
    <ClCompile Include="PolygonModelNode.cpp">
      <Filter>ソース ファイル\Node</Filter>
    </ClCompile>
    <ClCompile Include="PrimitiveNode.cpp">
      <Filter>ソース ファイル\Node</Filter>
    </ClCompile>
    <ClCompile Include="CameraNode.cpp">
      <Filter>ソース ファイル\Node</Filter>
    </ClCompile>
  </ItemGroup>
</Project>