<?xml version="1.0" encoding="utf-8"?>
<Project ToolsVersion="4.0" xmlns="http://schemas.microsoft.com/developer/msbuild/2003">
  <ItemGroup>
    <Filter Include="ソース ファイル">
      <UniqueIdentifier>{4FC737F1-C7A5-4376-A066-2A32D752A2FF}</UniqueIdentifier>
      <Extensions>cpp;c;cc;cxx;def;odl;idl;hpj;bat;asm;asmx</Extensions>
    </Filter>
    <Filter Include="ヘッダー ファイル">
      <UniqueIdentifier>{93995380-89BD-4b04-88EB-625FBE52EBFB}</UniqueIdentifier>
      <Extensions>h;hh;hpp;hxx;hm;inl;inc;ipp;xsd</Extensions>
    </Filter>
    <Filter Include="リソース ファイル">
      <UniqueIdentifier>{67DA6AB6-F800-4c08-8B7A-83BB121AAD01}</UniqueIdentifier>
      <Extensions>rc;ico;cur;bmp;dlg;rc2;rct;bin;rgs;gif;jpg;jpeg;jpe;resx;tiff;tif;png;wav;mfcribbon-ms</Extensions>
    </Filter>
    <Filter Include="ソース ファイル\Command">
      <UniqueIdentifier>{5b276546-d48d-490e-a864-15f311c4a067}</UniqueIdentifier>
    </Filter>
    <Filter Include="ソース ファイル\Controller">
      <UniqueIdentifier>{1431524f-9795-4a71-be81-79cd7ac5b01a}</UniqueIdentifier>
    </Filter>
    <Filter Include="ヘッダー ファイル\Command">
      <UniqueIdentifier>{12c3583f-87c9-4d8a-985e-5f03bdf55ddd}</UniqueIdentifier>
    </Filter>
    <Filter Include="ヘッダー ファイル\Controller">
      <UniqueIdentifier>{6c8b9fd9-1f35-4c42-91ad-8a5ae5dc6ed8}</UniqueIdentifier>
    </Filter>
    <Filter Include="ヘッダー ファイル\EventArgs">
      <UniqueIdentifier>{aabb2e9b-c559-4638-9234-dc0394ac1e1d}</UniqueIdentifier>
    </Filter>
    <Filter Include="ソース ファイル\Algorithm">
      <UniqueIdentifier>{a6704889-eb05-4fff-8fd3-392236060bd6}</UniqueIdentifier>
    </Filter>
    <Filter Include="ヘッダー ファイル\Algorithm">
      <UniqueIdentifier>{40448e22-7b18-4a75-be09-17a508c395c0}</UniqueIdentifier>
    </Filter>
  </ItemGroup>
  <ItemGroup>
    <ClInclude Include="framework.h">
      <Filter>ヘッダー ファイル</Filter>
    </ClInclude>
    <ClInclude Include="pch.h">
      <Filter>ヘッダー ファイル</Filter>
    </ClInclude>
    <ClInclude Include="SaveImageCommand.h">
      <Filter>ヘッダー ファイル\Command</Filter>
    </ClInclude>
    <ClInclude Include="SubdivisionCommand.h">
      <Filter>ヘッダー ファイル\Command</Filter>
    </ClInclude>
    <ClInclude Include="VoxelCommand.h">
      <Filter>ヘッダー ファイル\Command</Filter>
    </ClInclude>
    <ClInclude Include="CameraController.h">
      <Filter>ヘッダー ファイル\Controller</Filter>
    </ClInclude>
    <ClInclude Include="LogicEventArgs.h">
      <Filter>ヘッダー ファイル\EventArgs</Filter>
    </ClInclude>
    <ClInclude Include="ClearPickCommand.h">
      <Filter>ヘッダー ファイル\Command</Filter>
    </ClInclude>
    <ClInclude Include="PickCommand.h">
      <Filter>ヘッダー ファイル\Command</Filter>
    </ClInclude>
    <ClInclude Include="SmoothingCommand.h">
      <Filter>ヘッダー ファイル\Command</Filter>
    </ClInclude>
    <ClInclude Include="SmoothingAlgorithm.h">
      <Filter>ヘッダー ファイル\Algorithm</Filter>
    </ClInclude>
  </ItemGroup>
  <ItemGroup>
    <ClCompile Include="dllmain.cpp">
      <Filter>ソース ファイル</Filter>
    </ClCompile>
    <ClCompile Include="pch.cpp">
      <Filter>ソース ファイル</Filter>
    </ClCompile>
    <ClCompile Include="SaveImageCommand.cpp">
      <Filter>ソース ファイル\Command</Filter>
    </ClCompile>
    <ClCompile Include="SubdivisionCommand.cpp">
      <Filter>ソース ファイル\Command</Filter>
    </ClCompile>
    <ClCompile Include="VoxelCommand.cpp">
      <Filter>ソース ファイル\Command</Filter>
    </ClCompile>
    <ClCompile Include="CameraController.cpp">
      <Filter>ソース ファイル\Controller</Filter>
    </ClCompile>
    <ClCompile Include="PickCommand.cpp">
      <Filter>ソース ファイル\Command</Filter>
    </ClCompile>
    <ClCompile Include="ClearPickCommand.cpp">
      <Filter>ソース ファイル\Command</Filter>
    </ClCompile>
    <ClCompile Include="SmoothingCommand.cpp">
      <Filter>ソース ファイル\Command</Filter>
    </ClCompile>
    <ClCompile Include="SmoothingAlgorithm.cpp">
      <Filter>ソース ファイル\Algorithm</Filter>
    </ClCompile>
  </ItemGroup>
</Project>