<?xml version="1.0" encoding="utf-8"?>
<Project ToolsVersion="4.0" xmlns="http://schemas.microsoft.com/developer/msbuild/2003">
  <ItemGroup>
    <Filter Include="ソース ファイル">
      <UniqueIdentifier>{4FC737F1-C7A5-4376-A066-2A32D752A2FF}</UniqueIdentifier>
      <Extensions>cpp;c;cc;cxx;def;odl;idl;hpj;bat;asm;asmx</Extensions>
    </Filter>
    <Filter Include="ヘッダー ファイル">
      <UniqueIdentifier>{93995380-89BD-4b04-88EB-625FBE52EBFB}</UniqueIdentifier>
      <Extensions>h;hh;hpp;hxx;hm;inl;inc;ipp;xsd</Extensions>
    </Filter>
    <Filter Include="リソース ファイル">
      <UniqueIdentifier>{67DA6AB6-F800-4c08-8B7A-83BB121AAD01}</UniqueIdentifier>
      <Extensions>rc;ico;cur;bmp;dlg;rc2;rct;bin;rgs;gif;jpg;jpeg;jpe;resx;tiff;tif;png;wav;mfcribbon-ms</Extensions>
    </Filter>
    <Filter Include="ヘッダー ファイル\Model">
      <UniqueIdentifier>{1968049d-aaf8-4d9e-8bf5-475e1dc2c249}</UniqueIdentifier>
    </Filter>
    <Filter Include="ヘッダー ファイル\Model\Manipulator">
      <UniqueIdentifier>{a4292c58-b227-4da8-ae27-f5fabf4a6306}</UniqueIdentifier>
    </Filter>
    <Filter Include="ヘッダー ファイル\Model\PolygonModel">
      <UniqueIdentifier>{d135b4a4-691f-4d6e-9cdd-085b38e6a6ad}</UniqueIdentifier>
    </Filter>
    <Filter Include="ソース ファイル\Model">
      <UniqueIdentifier>{b8b99cdf-f747-4146-89e0-7a4c4b652479}</UniqueIdentifier>
    </Filter>
    <Filter Include="ソース ファイル\Model\Manipulator">
      <UniqueIdentifier>{403a815e-be7c-4cf9-afc1-980c4480faa3}</UniqueIdentifier>
    </Filter>
    <Filter Include="ソース ファイル\Model\PolygonModel">
      <UniqueIdentifier>{c044d6be-b1f0-4557-ad19-ebf195c7c3a2}</UniqueIdentifier>
    </Filter>
    <Filter Include="ヘッダー ファイル\Animation">
      <UniqueIdentifier>{af97aac8-becb-4078-bbe9-17f8bbf0f682}</UniqueIdentifier>
    </Filter>
    <Filter Include="ソース ファイル\Animation">
      <UniqueIdentifier>{30a90139-4cc7-46ad-a2b5-d9b68d20c19e}</UniqueIdentifier>
    </Filter>
    <Filter Include="ソース ファイル\Pfx">
      <UniqueIdentifier>{8cd2657d-4f54-4ce1-be5e-000ef22f370f}</UniqueIdentifier>
    </Filter>
    <Filter Include="ヘッダー ファイル\Pfx">
      <UniqueIdentifier>{2b34540f-0a76-44ea-87ca-c06a1054a67f}</UniqueIdentifier>
    </Filter>
    <Filter Include="ソース ファイル\ShaderPass">
      <UniqueIdentifier>{26222bc2-e434-4adf-a309-3344e9ec795e}</UniqueIdentifier>
    </Filter>
    <Filter Include="ヘッダー ファイル\ShaderPass">
      <UniqueIdentifier>{6a8545eb-0366-4875-855e-344c8b905438}</UniqueIdentifier>
    </Filter>
  </ItemGroup>
  <ItemGroup>
    <ClInclude Include="stdafx.h">
      <Filter>ヘッダー ファイル</Filter>
    </ClInclude>
    <ClInclude Include="targetver.h">
      <Filter>ヘッダー ファイル</Filter>
    </ClInclude>
    <ClInclude Include="AssetTypes.h">
      <Filter>ヘッダー ファイル\Model</Filter>
    </ClInclude>
    <ClInclude Include="CGALGeneralizedMaps.h">
      <Filter>ヘッダー ファイル\Model\PolygonModel</Filter>
    </ClInclude>
    <ClInclude Include="CGALLinearCellComplex.h">
      <Filter>ヘッダー ファイル\Model\PolygonModel</Filter>
    </ClInclude>
    <ClInclude Include="CGALPolyhedron.h">
      <Filter>ヘッダー ファイル\Model\PolygonModel</Filter>
    </ClInclude>
    <ClInclude Include="IPolygonModel.h">
      <Filter>ヘッダー ファイル\Model\PolygonModel</Filter>
    </ClInclude>
    <ClInclude Include="IManipulatorModel.h">
      <Filter>ヘッダー ファイル\Model\Manipulator</Filter>
    </ClInclude>
    <ClInclude Include="MoveManipulator.h">
      <Filter>ヘッダー ファイル\Model\Manipulator</Filter>
    </ClInclude>
    <ClInclude Include="RotateManipulator.h">
      <Filter>ヘッダー ファイル\Model\Manipulator</Filter>
    </ClInclude>
    <ClInclude Include="ScaleManipulator.h">
      <Filter>ヘッダー ファイル\Model\Manipulator</Filter>
    </ClInclude>
    <ClInclude Include="HalfEdgeModel.h">
      <Filter>ヘッダー ファイル\Model\PolygonModel</Filter>
    </ClInclude>
    <ClInclude Include="CGALModel.h">
      <Filter>ヘッダー ファイル\Model\PolygonModel</Filter>
    </ClInclude>
    <ClInclude Include="pch.h">
      <Filter>ヘッダー ファイル</Filter>
    </ClInclude>
    <ClInclude Include="Storyboard.h">
      <Filter>ヘッダー ファイル\Animation</Filter>
    </ClInclude>
    <ClInclude Include="IAnimation.h">
      <Filter>ヘッダー ファイル\Animation</Filter>
    </ClInclude>
    <ClInclude Include="KeyFrame.h">
      <Filter>ヘッダー ファイル\Animation</Filter>
    </ClInclude>
    <ClInclude Include="ModelAnimation.h">
      <Filter>ヘッダー ファイル\Animation</Filter>
    </ClInclude>
    <ClInclude Include="GrayScaleEffect.h">
      <Filter>ヘッダー ファイル\Pfx</Filter>
    </ClInclude>
    <ClInclude Include="SSLICEffect.h">
      <Filter>ヘッダー ファイル\Pfx</Filter>
    </ClInclude>
    <ClInclude Include="MaterialManager.h">
      <Filter>ヘッダー ファイル\ShaderPass</Filter>
    </ClInclude>
    <ClInclude Include="PrimitiveModel.h">
      <Filter>ヘッダー ファイル\Model\PolygonModel</Filter>
    </ClInclude>
    <ClInclude Include="OutputPass.h">
      <Filter>ヘッダー ファイル\ShaderPass</Filter>
    </ClInclude>
    <ClInclude Include="GeneralPass.h">
      <Filter>ヘッダー ファイル\ShaderPass</Filter>
    </ClInclude>
    <ClInclude Include="DefaultPass.h">
      <Filter>ヘッダー ファイル\ShaderPass</Filter>
    </ClInclude>
  </ItemGroup>
  <ItemGroup>
    <ClCompile Include="stdafx.cpp">
      <Filter>ソース ファイル</Filter>
    </ClCompile>
    <ClCompile Include="CGALGeneralizedMaps.cpp">
      <Filter>ソース ファイル\Model\PolygonModel</Filter>
    </ClCompile>
    <ClCompile Include="CGALPolyhedron.cpp">
      <Filter>ソース ファイル\Model\PolygonModel</Filter>
    </ClCompile>
    <ClCompile Include="CGALLinearCellComplex.cpp">
      <Filter>ソース ファイル\Model\PolygonModel</Filter>
    </ClCompile>
    <ClCompile Include="MoveManipulator.cpp">
      <Filter>ソース ファイル\Model\Manipulator</Filter>
    </ClCompile>
    <ClCompile Include="RotateManipulator.cpp">
      <Filter>ソース ファイル\Model\Manipulator</Filter>
    </ClCompile>
    <ClCompile Include="ScaleManipulator.cpp">
      <Filter>ソース ファイル\Model\Manipulator</Filter>
    </ClCompile>
    <ClCompile Include="HalfEdgeModel.cpp">
      <Filter>ソース ファイル\Model\PolygonModel</Filter>
    </ClCompile>
    <ClCompile Include="IPolygonModel.cpp">
      <Filter>ソース ファイル\Model\PolygonModel</Filter>
    </ClCompile>
    <ClCompile Include="Storyboard.cpp">
      <Filter>ソース ファイル\Animation</Filter>
    </ClCompile>
    <ClCompile Include="ModelAnimation.cpp">
      <Filter>ソース ファイル\Animation</Filter>
    </ClCompile>
    <ClCompile Include="GrayScaleEffect.cpp">
      <Filter>ソース ファイル\Pfx</Filter>
    </ClCompile>
    <ClCompile Include="SSLICEffect.cpp">
      <Filter>ソース ファイル\Pfx</Filter>
    </ClCompile>
    <ClCompile Include="MaterialManager.cpp">
      <Filter>ソース ファイル\ShaderPass</Filter>
    </ClCompile>
    <ClCompile Include="PrimitiveModel.cpp">
      <Filter>ソース ファイル\Model\PolygonModel</Filter>
    </ClCompile>
    <ClCompile Include="OutputPass.cpp">
      <Filter>ソース ファイル\ShaderPass</Filter>
    </ClCompile>
    <ClCompile Include="GeneralPass.cpp">
      <Filter>ソース ファイル\ShaderPass</Filter>
    </ClCompile>
    <ClCompile Include="DefaultPass.cpp">
      <Filter>ソース ファイル\ShaderPass</Filter>
    </ClCompile>
  </ItemGroup>
</Project>