<?xml version="1.0" encoding="utf-8"?>
<Project ToolsVersion="4.0" xmlns="http://schemas.microsoft.com/developer/msbuild/2003">
  <ItemGroup>
    <Filter Include="ソース ファイル">
      <UniqueIdentifier>{4FC737F1-C7A5-4376-A066-2A32D752A2FF}</UniqueIdentifier>
      <Extensions>cpp;c;cc;cxx;def;odl;idl;hpj;bat;asm;asmx</Extensions>
    </Filter>
    <Filter Include="ヘッダー ファイル">
      <UniqueIdentifier>{93995380-89BD-4b04-88EB-625FBE52EBFB}</UniqueIdentifier>
      <Extensions>h;hh;hpp;hxx;hm;inl;inc;ipp;xsd</Extensions>
    </Filter>
    <Filter Include="リソース ファイル">
      <UniqueIdentifier>{67DA6AB6-F800-4c08-8B7A-83BB121AAD01}</UniqueIdentifier>
      <Extensions>rc;ico;cur;bmp;dlg;rc2;rct;bin;rgs;gif;jpg;jpeg;jpe;resx;tiff;tif;png;wav;mfcribbon-ms</Extensions>
    </Filter>
    <Filter Include="ヘッダー ファイル\Model">
      <UniqueIdentifier>{1968049d-aaf8-4d9e-8bf5-475e1dc2c249}</UniqueIdentifier>
    </Filter>
    <Filter Include="ヘッダー ファイル\Model\Manipulator">
      <UniqueIdentifier>{a4292c58-b227-4da8-ae27-f5fabf4a6306}</UniqueIdentifier>
    </Filter>
    <Filter Include="ヘッダー ファイル\Model\PolygonModel">
      <UniqueIdentifier>{d135b4a4-691f-4d6e-9cdd-085b38e6a6ad}</UniqueIdentifier>
    </Filter>
    <Filter Include="ソース ファイル\Model">
      <UniqueIdentifier>{b8b99cdf-f747-4146-89e0-7a4c4b652479}</UniqueIdentifier>
    </Filter>
    <Filter Include="ソース ファイル\Model\Manipulator">
      <UniqueIdentifier>{403a815e-be7c-4cf9-afc1-980c4480faa3}</UniqueIdentifier>
    </Filter>
    <Filter Include="ソース ファイル\Model\PolygonModel">
      <UniqueIdentifier>{c044d6be-b1f0-4557-ad19-ebf195c7c3a2}</UniqueIdentifier>
    </Filter>
    <Filter Include="ヘッダー ファイル\Animation">
      <UniqueIdentifier>{af97aac8-becb-4078-bbe9-17f8bbf0f682}</UniqueIdentifier>
    </Filter>
    <Filter Include="ソース ファイル\Animation">
      <UniqueIdentifier>{30a90139-4cc7-46ad-a2b5-d9b68d20c19e}</UniqueIdentifier>
    </Filter>
    <Filter Include="ソース ファイル\Pfx">
      <UniqueIdentifier>{8cd2657d-4f54-4ce1-be5e-000ef22f370f}</UniqueIdentifier>
    </Filter>
    <Filter Include="ヘッダー ファイル\Pfx">
      <UniqueIdentifier>{2b34540f-0a76-44ea-87ca-c06a1054a67f}</UniqueIdentifier>
    </Filter>
    <Filter Include="ソース ファイル\Model\BasicObject">
      <UniqueIdentifier>{a782c782-cf44-43ec-9737-1639ea266dc3}</UniqueIdentifier>
    </Filter>
    <Filter Include="ヘッダー ファイル\Model\BasicObject">
      <UniqueIdentifier>{bcfc4b2c-1036-4c9b-8c03-b1f5747c3016}</UniqueIdentifier>
    </Filter>
    <Filter Include="ソース ファイル\RenderPath">
      <UniqueIdentifier>{f97767f5-c4bc-480d-97bf-9ba83636c833}</UniqueIdentifier>
    </Filter>
    <Filter Include="ヘッダー ファイル\RenderPath">
      <UniqueIdentifier>{547fe05e-c79c-4d28-83e4-e053c3afa68c}</UniqueIdentifier>
    </Filter>
    <Filter Include="ソース ファイル\RenderPath\Geometry">
      <UniqueIdentifier>{d36e21cf-618f-444b-a268-53c85d182dfc}</UniqueIdentifier>
    </Filter>
    <Filter Include="ソース ファイル\RenderPath\Lighthing">
      <UniqueIdentifier>{c1ca7743-a77c-449a-9eeb-9869506af73e}</UniqueIdentifier>
    </Filter>
    <Filter Include="ヘッダー ファイル\RenderPath\Geometry">
      <UniqueIdentifier>{132027d5-2f52-433c-9b85-1d11dc2f50b4}</UniqueIdentifier>
    </Filter>
    <Filter Include="ヘッダー ファイル\Utility">
      <UniqueIdentifier>{15cecb3c-385e-4706-977f-dd4b7e7cc5ab}</UniqueIdentifier>
    </Filter>
    <Filter Include="ソース ファイル\Utility">
      <UniqueIdentifier>{c2f073ee-fcd5-4041-b876-fb19d22313b3}</UniqueIdentifier>
    </Filter>
    <Filter Include="ソース ファイル\Model\Light">
      <UniqueIdentifier>{da20e0ef-009d-484b-a262-d12171323933}</UniqueIdentifier>
    </Filter>
    <Filter Include="ヘッダー ファイル\Model\Light">
      <UniqueIdentifier>{a68e590b-33ca-4efd-a132-f6971de44134}</UniqueIdentifier>
    </Filter>
    <Filter Include="ヘッダー ファイル\HUD">
      <UniqueIdentifier>{06359807-3cc9-4e0b-84a7-75b6322ec3f7}</UniqueIdentifier>
    </Filter>
    <Filter Include="ソース ファイル\HUD">
      <UniqueIdentifier>{e2cbcfa4-02d3-4eb4-86f8-cc7fc89d546e}</UniqueIdentifier>
    </Filter>
  </ItemGroup>
  <ItemGroup>
    <ClInclude Include="stdafx.h">
      <Filter>ヘッダー ファイル</Filter>
    </ClInclude>
    <ClInclude Include="targetver.h">
      <Filter>ヘッダー ファイル</Filter>
    </ClInclude>
    <ClInclude Include="AssetTypes.h">
      <Filter>ヘッダー ファイル\Model</Filter>
    </ClInclude>
    <ClInclude Include="IPolygonModel.h">
      <Filter>ヘッダー ファイル\Model\PolygonModel</Filter>
    </ClInclude>
    <ClInclude Include="IManipulatorModel.h">
      <Filter>ヘッダー ファイル\Model\Manipulator</Filter>
    </ClInclude>
    <ClInclude Include="MoveManipulator.h">
      <Filter>ヘッダー ファイル\Model\Manipulator</Filter>
    </ClInclude>
    <ClInclude Include="RotateManipulator.h">
      <Filter>ヘッダー ファイル\Model\Manipulator</Filter>
    </ClInclude>
    <ClInclude Include="ScaleManipulator.h">
      <Filter>ヘッダー ファイル\Model\Manipulator</Filter>
    </ClInclude>
    <ClInclude Include="HalfEdgeModel.h">
      <Filter>ヘッダー ファイル\Model\PolygonModel</Filter>
    </ClInclude>
    <ClInclude Include="pch.h">
      <Filter>ヘッダー ファイル</Filter>
    </ClInclude>
    <ClInclude Include="Storyboard.h">
      <Filter>ヘッダー ファイル\Animation</Filter>
    </ClInclude>
    <ClInclude Include="IAnimation.h">
      <Filter>ヘッダー ファイル\Animation</Filter>
    </ClInclude>
    <ClInclude Include="KeyFrame.h">
      <Filter>ヘッダー ファイル\Animation</Filter>
    </ClInclude>
    <ClInclude Include="ModelAnimation.h">
      <Filter>ヘッダー ファイル\Animation</Filter>
    </ClInclude>
    <ClInclude Include="GrayScaleEffect.h">
      <Filter>ヘッダー ファイル\Pfx</Filter>
    </ClInclude>
    <ClInclude Include="SSLICEffect.h">
      <Filter>ヘッダー ファイル\Pfx</Filter>
    </ClInclude>
    <ClInclude Include="PrimitiveModel.h">
      <Filter>ヘッダー ファイル\Model\PolygonModel</Filter>
    </ClInclude>
    <ClInclude Include="Grid.h">
      <Filter>ヘッダー ファイル\Model\BasicObject</Filter>
    </ClInclude>
    <ClInclude Include="MaterialManager.h">
      <Filter>ヘッダー ファイル</Filter>
    </ClInclude>
    <ClInclude Include="GeometryPath.h">
      <Filter>ヘッダー ファイル\RenderPath\Geometry</Filter>
    </ClInclude>
    <ClInclude Include="IRaycastPick.h">
      <Filter>ヘッダー ファイル\RenderPath\Geometry</Filter>
    </ClInclude>
    <ClInclude Include="SampleModelGenerator.h">
      <Filter>ヘッダー ファイル\Utility</Filter>
    </ClInclude>
    <ClInclude Include="ModelGenerator.h">
      <Filter>ヘッダー ファイル\Utility</Filter>
    </ClInclude>
    <ClInclude Include="PfxPlane.h">
      <Filter>ヘッダー ファイル\Pfx</Filter>
    </ClInclude>
    <ClInclude Include="DirectionalLightModel.h">
      <Filter>ヘッダー ファイル\Model\Light</Filter>
    </ClInclude>
    <ClInclude Include="ExtLibsModel.h">
      <Filter>ヘッダー ファイル\Model\PolygonModel</Filter>
    </ClInclude>
    <ClInclude Include="Axis.h">
      <Filter>ヘッダー ファイル\Model\BasicObject</Filter>
    </ClInclude>
    <ClInclude Include="CubeSpace.h">
      <Filter>ヘッダー ファイル\Model\BasicObject</Filter>
    </ClInclude>
    <ClInclude Include="TextTextureGenerator.h">
      <Filter>ヘッダー ファイル\Utility</Filter>
    </ClInclude>
    <ClInclude Include="HUDText.h">
      <Filter>ヘッダー ファイル\HUD</Filter>
    </ClInclude>
    <ClInclude Include="IHUD.h">
      <Filter>ヘッダー ファイル\HUD</Filter>
    </ClInclude>
  </ItemGroup>
  <ItemGroup>
    <ClCompile Include="stdafx.cpp">
      <Filter>ソース ファイル</Filter>
    </ClCompile>
    <ClCompile Include="MoveManipulator.cpp">
      <Filter>ソース ファイル\Model\Manipulator</Filter>
    </ClCompile>
    <ClCompile Include="RotateManipulator.cpp">
      <Filter>ソース ファイル\Model\Manipulator</Filter>
    </ClCompile>
    <ClCompile Include="ScaleManipulator.cpp">
      <Filter>ソース ファイル\Model\Manipulator</Filter>
    </ClCompile>
    <ClCompile Include="HalfEdgeModel.cpp">
      <Filter>ソース ファイル\Model\PolygonModel</Filter>
    </ClCompile>
    <ClCompile Include="IPolygonModel.cpp">
      <Filter>ソース ファイル\Model\PolygonModel</Filter>
    </ClCompile>
    <ClCompile Include="Storyboard.cpp">
      <Filter>ソース ファイル\Animation</Filter>
    </ClCompile>
    <ClCompile Include="ModelAnimation.cpp">
      <Filter>ソース ファイル\Animation</Filter>
    </ClCompile>
    <ClCompile Include="GrayScaleEffect.cpp">
      <Filter>ソース ファイル\Pfx</Filter>
    </ClCompile>
    <ClCompile Include="SSLICEffect.cpp">
      <Filter>ソース ファイル\Pfx</Filter>
    </ClCompile>
    <ClCompile Include="PrimitiveModel.cpp">
      <Filter>ソース ファイル\Model\PolygonModel</Filter>
    </ClCompile>
    <ClCompile Include="Grid.cpp">
      <Filter>ソース ファイル\Model\BasicObject</Filter>
    </ClCompile>
    <ClCompile Include="MaterialManager.cpp">
      <Filter>ソース ファイル</Filter>
    </ClCompile>
    <ClCompile Include="GeometryPath.cpp">
      <Filter>ソース ファイル\RenderPath\Geometry</Filter>
    </ClCompile>
    <ClCompile Include="IRaycastPick.cpp">
      <Filter>ソース ファイル\RenderPath\Geometry</Filter>
    </ClCompile>
    <ClCompile Include="ModelGenerator.cpp">
      <Filter>ソース ファイル\Utility</Filter>
    </ClCompile>
    <ClCompile Include="SampleModelGenerator.cpp">
      <Filter>ソース ファイル\Utility</Filter>
    </ClCompile>
    <ClCompile Include="PfxPlane.cpp">
      <Filter>ソース ファイル\Pfx</Filter>
    </ClCompile>
    <ClCompile Include="DirectionalLightModel.cpp">
      <Filter>ソース ファイル\Model\BasicObject</Filter>
    </ClCompile>
    <ClCompile Include="Axis.cpp">
      <Filter>ソース ファイル\Model\BasicObject</Filter>
    </ClCompile>
    <ClCompile Include="CubeSpace.cpp">
      <Filter>ソース ファイル\Model\BasicObject</Filter>
    </ClCompile>
    <ClCompile Include="TextTextureGenerator.cpp">
      <Filter>ソース ファイル\Utility</Filter>
    </ClCompile>
    <ClCompile Include="IHUD.cpp">
      <Filter>ソース ファイル\HUD</Filter>
    </ClCompile>
    <ClCompile Include="HUDText.cpp">
      <Filter>ソース ファイル\HUD</Filter>
    </ClCompile>
  </ItemGroup>
</Project>