<?xml version="1.0" encoding="utf-8"?>
<Project ToolsVersion="4.0" xmlns="http://schemas.microsoft.com/developer/msbuild/2003">
  <ItemGroup>
    <Filter Include="ソース ファイル">
      <UniqueIdentifier>{4FC737F1-C7A5-4376-A066-2A32D752A2FF}</UniqueIdentifier>
      <Extensions>cpp;c;cc;cxx;def;odl;idl;hpj;bat;asm;asmx</Extensions>
    </Filter>
    <Filter Include="ヘッダー ファイル">
      <UniqueIdentifier>{93995380-89BD-4b04-88EB-625FBE52EBFB}</UniqueIdentifier>
      <Extensions>h;hh;hpp;hxx;hm;inl;inc;ipp;xsd</Extensions>
    </Filter>
    <Filter Include="リソース ファイル">
      <UniqueIdentifier>{67DA6AB6-F800-4c08-8B7A-83BB121AAD01}</UniqueIdentifier>
      <Extensions>rc;ico;cur;bmp;dlg;rc2;rct;bin;rgs;gif;jpg;jpeg;jpe;resx;tiff;tif;png;wav;mfcribbon-ms</Extensions>
    </Filter>
    <Filter Include="ソース ファイル\Application">
      <UniqueIdentifier>{15110f68-edde-44c2-b0f2-e9629ac92aa0}</UniqueIdentifier>
    </Filter>
    <Filter Include="ヘッダー ファイル\Application">
      <UniqueIdentifier>{1afcbafc-87d6-4dee-8e21-ce5e8dbd2e29}</UniqueIdentifier>
    </Filter>
    <Filter Include="ImGui">
      <UniqueIdentifier>{656166a6-9f61-46fb-a7c1-0f7601e5fe62}</UniqueIdentifier>
    </Filter>
    <Filter Include="ソース ファイル\Application\Node">
      <UniqueIdentifier>{d3157a13-966b-4bc9-ae1d-68a8a3a13336}</UniqueIdentifier>
    </Filter>
    <Filter Include="ソース ファイル\Application\Property">
      <UniqueIdentifier>{4f1bb258-d428-4acd-80a1-d8f7959a29ee}</UniqueIdentifier>
    </Filter>
    <Filter Include="ヘッダー ファイル\Application\Node">
      <UniqueIdentifier>{0801c496-2132-4217-aba6-bcf1a97358f4}</UniqueIdentifier>
    </Filter>
    <Filter Include="ヘッダー ファイル\Application\Property">
      <UniqueIdentifier>{80b8da82-a341-4ede-9246-ee8786962710}</UniqueIdentifier>
    </Filter>
    <Filter Include="ソース ファイル\Application\InitApp">
      <UniqueIdentifier>{9147df9e-f48e-491c-92db-9b63b1b9ed9e}</UniqueIdentifier>
    </Filter>
    <Filter Include="ヘッダー ファイル\Application\InitApp">
      <UniqueIdentifier>{19de7987-1a26-457e-82a7-84b5d081fc24}</UniqueIdentifier>
    </Filter>
    <Filter Include="ヘッダー ファイル\Application\Logic">
      <UniqueIdentifier>{b221a6b8-5aa9-4643-9e55-f2c7eb1e8688}</UniqueIdentifier>
    </Filter>
    <Filter Include="ヘッダー ファイル\Application\Logic\Controller">
      <UniqueIdentifier>{889ae879-9fe0-4f3f-91bd-21555781077d}</UniqueIdentifier>
    </Filter>
    <Filter Include="ヘッダー ファイル\Application\Logic\Command">
      <UniqueIdentifier>{d409e089-79cf-419d-8704-b2f369f49683}</UniqueIdentifier>
    </Filter>
    <Filter Include="ヘッダー ファイル\Application\Logic\EventArgs">
      <UniqueIdentifier>{333ef0a2-1522-409b-83d0-8ebf0864a42f}</UniqueIdentifier>
    </Filter>
    <Filter Include="ソース ファイル\Application\Logic">
      <UniqueIdentifier>{a1cc98e4-476a-48c1-9504-3c9c8c97ca76}</UniqueIdentifier>
    </Filter>
    <Filter Include="ソース ファイル\Application\Logic\Controller">
      <UniqueIdentifier>{58f66475-93b9-4ff2-ae92-99191381b19d}</UniqueIdentifier>
    </Filter>
    <Filter Include="ソース ファイル\Application\Logic\Command">
      <UniqueIdentifier>{11f506ae-202b-4fe6-b6c8-7d0af1ae3547}</UniqueIdentifier>
    </Filter>
  </ItemGroup>
  <ItemGroup>
    <ClInclude Include="pch.h">
      <Filter>ヘッダー ファイル</Filter>
    </ClInclude>
    <ClInclude Include="Project.h">
      <Filter>ヘッダー ファイル\Application</Filter>
    </ClInclude>
    <ClInclude Include="CGALRenderer.h">
      <Filter>ヘッダー ファイル\Application</Filter>
    </ClInclude>
    <ClInclude Include="CameraController.h">
      <Filter>ヘッダー ファイル\Application\Logic\Controller</Filter>
    </ClInclude>
    <ClInclude Include="SubdivisionCommand.h">
      <Filter>ヘッダー ファイル\Application\Logic\Command</Filter>
    </ClInclude>
    <ClInclude Include="BDBProperty.h">
      <Filter>ヘッダー ファイル\Application\Property</Filter>
    </ClInclude>
    <ClInclude Include="PrimitiveNode.h">
      <Filter>ヘッダー ファイル\Application\Node</Filter>
    </ClInclude>
    <ClInclude Include="SpecialUtility.h">
      <Filter>ヘッダー ファイル\Application</Filter>
    </ClInclude>
    <ClInclude Include="PickCommand.h">
      <Filter>ヘッダー ファイル\Application\Logic\Command</Filter>
    </ClInclude>
    <ClInclude Include="BunnyScene.h">
      <Filter>ヘッダー ファイル\Application\InitApp</Filter>
    </ClInclude>
    <ClInclude Include="IWorkspace.h">
      <Filter>ヘッダー ファイル\Application\InitApp</Filter>
    </ClInclude>
    <ClInclude Include="Workspace.h">
      <Filter>ヘッダー ファイル\Application\InitApp</Filter>
    </ClInclude>
    <ClInclude Include="HalfEdgeProperty.h">
      <Filter>ヘッダー ファイル\Application\Property</Filter>
    </ClInclude>
    <ClInclude Include="HalfEdgeDSNode.h">
      <Filter>ヘッダー ファイル\Application\Node</Filter>
    </ClInclude>
    <ClInclude Include="NormalProperty.h">
      <Filter>ヘッダー ファイル\Application\Property</Filter>
    </ClInclude>
    <ClInclude Include="PolygonModelNode.h">
      <Filter>ヘッダー ファイル\Application\Node</Filter>
    </ClInclude>
    <ClInclude Include="ManipulatorNode.h">
      <Filter>ヘッダー ファイル\Application\Node</Filter>
    </ClInclude>
    <ClInclude Include="VoxelCommand.h">
      <Filter>ヘッダー ファイル\Application\Logic\Command</Filter>
    </ClInclude>
    <ClInclude Include="LogicEventArgs.h">
      <Filter>ヘッダー ファイル\Application\Logic\EventArgs</Filter>
    </ClInclude>
    <ClInclude Include="..\extlibs\imgui\imconfig.h">
      <Filter>ImGui</Filter>
    </ClInclude>
    <ClInclude Include="..\extlibs\imgui\imgui.h">
      <Filter>ImGui</Filter>
    </ClInclude>
    <ClInclude Include="..\extlibs\imgui\imgui_internal.h">
      <Filter>ImGui</Filter>
    </ClInclude>
    <ClInclude Include="..\extlibs\imgui\imstb_rectpack.h">
      <Filter>ImGui</Filter>
    </ClInclude>
    <ClInclude Include="..\extlibs\imgui\imstb_textedit.h">
      <Filter>ImGui</Filter>
    </ClInclude>
    <ClInclude Include="..\extlibs\imgui\imstb_truetype.h">
      <Filter>ImGui</Filter>
    </ClInclude>
    <ClInclude Include="VoronoiScene.h">
      <Filter>ヘッダー ファイル\Application\InitApp</Filter>
    </ClInclude>
    <ClInclude Include="PrimitiveScene.h">
      <Filter>ヘッダー ファイル\Application\InitApp</Filter>
    </ClInclude>
    <ClInclude Include="PfxScene.h">
      <Filter>ヘッダー ファイル\Application\InitApp</Filter>
    </ClInclude>
    <ClInclude Include="TessellationScene.h">
      <Filter>ヘッダー ファイル\Application\InitApp</Filter>
    </ClInclude>
    <ClInclude Include="BezierLineNode.h">
      <Filter>ヘッダー ファイル\Application\Node</Filter>
    </ClInclude>
    <ClInclude Include="RungeKuttaScene.h">
      <Filter>ヘッダー ファイル\Application\InitApp</Filter>
    </ClInclude>
  </ItemGroup>
  <ItemGroup>
    <ClCompile Include="pch.cpp">
      <Filter>ソース ファイル</Filter>
    </ClCompile>
    <ClCompile Include="main.cpp">
      <Filter>ソース ファイル</Filter>
    </ClCompile>
    <ClCompile Include="Project.cpp">
      <Filter>ソース ファイル\Application</Filter>
    </ClCompile>
    <ClCompile Include="CGALRenderer.cpp">
      <Filter>ソース ファイル\Application</Filter>
    </ClCompile>
    <ClCompile Include="CameraController.cpp">
      <Filter>ソース ファイル\Application\Logic\Controller</Filter>
    </ClCompile>
    <ClCompile Include="SubdivisionCommand.cpp">
      <Filter>ソース ファイル\Application\Logic\Command</Filter>
    </ClCompile>
    <ClCompile Include="PrimitiveNode.cpp">
      <Filter>ソース ファイル\Application\Node</Filter>
    </ClCompile>
    <ClCompile Include="BDBProperty.cpp">
      <Filter>ソース ファイル\Application\Property</Filter>
    </ClCompile>
    <ClCompile Include="SpecialUtility.cpp">
      <Filter>ソース ファイル\Application</Filter>
    </ClCompile>
    <ClCompile Include="PickCommand.cpp">
      <Filter>ソース ファイル\Application\Logic\Command</Filter>
    </ClCompile>
    <ClCompile Include="BunnyScene.cpp">
      <Filter>ソース ファイル\Application\InitApp</Filter>
    </ClCompile>
    <ClCompile Include="Workspace.cpp">
      <Filter>ソース ファイル\Application\InitApp</Filter>
    </ClCompile>
    <ClCompile Include="HalfEdgeProperty.cpp">
      <Filter>ソース ファイル\Application\Property</Filter>
    </ClCompile>
    <ClCompile Include="HalfEdgeDSNode.cpp">
      <Filter>ソース ファイル\Application\Node</Filter>
    </ClCompile>
    <ClCompile Include="NormalProperty.cpp">
      <Filter>ソース ファイル\Application\Property</Filter>
    </ClCompile>
    <ClCompile Include="PolygonModelNode.cpp">
      <Filter>ソース ファイル\Application\Node</Filter>
    </ClCompile>
    <ClCompile Include="ManipulatorNode.cpp">
      <Filter>ソース ファイル\Application\Node</Filter>
    </ClCompile>
    <ClCompile Include="VoxelCommand.cpp">
      <Filter>ソース ファイル\Application\Logic\Command</Filter>
    </ClCompile>
    <ClCompile Include="..\extlibs\imgui\imgui.cpp">
      <Filter>ImGui</Filter>
    </ClCompile>
    <ClCompile Include="..\extlibs\imgui\imgui_demo.cpp">
      <Filter>ImGui</Filter>
    </ClCompile>
    <ClCompile Include="..\extlibs\imgui\imgui_draw.cpp">
      <Filter>ImGui</Filter>
    </ClCompile>
    <ClCompile Include="..\extlibs\imgui\imgui_widgets.cpp">
      <Filter>ImGui</Filter>
    </ClCompile>
    <ClCompile Include="VoronoiScene.cpp">
      <Filter>ソース ファイル\Application\InitApp</Filter>
    </ClCompile>
    <ClCompile Include="PrimitiveScene.cpp">
      <Filter>ソース ファイル\Application\InitApp</Filter>
    </ClCompile>
    <ClCompile Include="PfxScene.cpp">
      <Filter>ソース ファイル\Application\InitApp</Filter>
    </ClCompile>
    <ClCompile Include="TessellationScene.cpp">
      <Filter>ソース ファイル\Application\InitApp</Filter>
    </ClCompile>
    <ClCompile Include="BezierLineNode.cpp">
      <Filter>ソース ファイル\Application\Node</Filter>
    </ClCompile>
    <ClCompile Include="RungeKuttaScene.cpp">
      <Filter>ソース ファイル\Application\InitApp</Filter>
    </ClCompile>
  </ItemGroup>
</Project>