<?xml version="1.0" encoding="utf-8"?>
<Project ToolsVersion="4.0" xmlns="http://schemas.microsoft.com/developer/msbuild/2003">
  <ItemGroup>
    <Filter Include="ソース ファイル">
      <UniqueIdentifier>{4FC737F1-C7A5-4376-A066-2A32D752A2FF}</UniqueIdentifier>
      <Extensions>cpp;c;cc;cxx;def;odl;idl;hpj;bat;asm;asmx</Extensions>
    </Filter>
    <Filter Include="ヘッダー ファイル">
      <UniqueIdentifier>{93995380-89BD-4b04-88EB-625FBE52EBFB}</UniqueIdentifier>
      <Extensions>h;hh;hpp;hxx;hm;inl;inc;ipp;xsd</Extensions>
    </Filter>
    <Filter Include="リソース ファイル">
      <UniqueIdentifier>{67DA6AB6-F800-4c08-8B7A-83BB121AAD01}</UniqueIdentifier>
      <Extensions>rc;ico;cur;bmp;dlg;rc2;rct;bin;rgs;gif;jpg;jpeg;jpe;resx;tiff;tif;png;wav;mfcribbon-ms</Extensions>
    </Filter>
    <Filter Include="ソース ファイル\OpenGL">
      <UniqueIdentifier>{71ee8697-b376-4bb5-b46b-6d8da4f8d088}</UniqueIdentifier>
    </Filter>
    <Filter Include="ヘッダー ファイル\OpenGL">
      <UniqueIdentifier>{fcad7b93-0ce4-486f-980c-e9fdbc6cc867}</UniqueIdentifier>
    </Filter>
    <Filter Include="ソース ファイル\System">
      <UniqueIdentifier>{c9d50fab-8f9b-44d5-a625-c78b7efd1b6c}</UniqueIdentifier>
    </Filter>
    <Filter Include="ヘッダー ファイル\System">
      <UniqueIdentifier>{1b1c4762-94f2-4939-9e3a-9c4895d75e1e}</UniqueIdentifier>
    </Filter>
    <Filter Include="ソース ファイル\Application">
      <UniqueIdentifier>{15110f68-edde-44c2-b0f2-e9629ac92aa0}</UniqueIdentifier>
    </Filter>
    <Filter Include="ヘッダー ファイル\Application">
      <UniqueIdentifier>{1afcbafc-87d6-4dee-8e21-ce5e8dbd2e29}</UniqueIdentifier>
    </Filter>
    <Filter Include="ソース ファイル\Asset">
      <UniqueIdentifier>{d92a2196-3b04-4b38-887a-51f5470a88ab}</UniqueIdentifier>
    </Filter>
    <Filter Include="ヘッダー ファイル\Asset">
      <UniqueIdentifier>{582bcf33-ede6-48fe-af85-4e7b54e9a08a}</UniqueIdentifier>
    </Filter>
    <Filter Include="ソース ファイル\Logic">
      <UniqueIdentifier>{a1cc98e4-476a-48c1-9504-3c9c8c97ca76}</UniqueIdentifier>
    </Filter>
    <Filter Include="ヘッダー ファイル\Logic">
      <UniqueIdentifier>{b221a6b8-5aa9-4643-9e55-f2c7eb1e8688}</UniqueIdentifier>
    </Filter>
    <Filter Include="ヘッダー ファイル\Utility">
      <UniqueIdentifier>{876c80e4-6a5c-45ce-a8ec-06dc25a8c05c}</UniqueIdentifier>
    </Filter>
    <Filter Include="ソース ファイル\Utility">
      <UniqueIdentifier>{8489b4f0-3bba-43a3-b33e-e652b110718f}</UniqueIdentifier>
    </Filter>
    <Filter Include="ImGui">
      <UniqueIdentifier>{656166a6-9f61-46fb-a7c1-0f7601e5fe62}</UniqueIdentifier>
    </Filter>
    <Filter Include="ソース ファイル\Foundation">
      <UniqueIdentifier>{552c0eb7-b7d2-43f4-a694-5a23d988e4f1}</UniqueIdentifier>
    </Filter>
    <Filter Include="ヘッダー ファイル\Foundation">
      <UniqueIdentifier>{c46505b3-a9aa-4bf7-9cf0-8ec1c7e7669a}</UniqueIdentifier>
    </Filter>
    <Filter Include="ヘッダー ファイル\Logic\Controller">
      <UniqueIdentifier>{889ae879-9fe0-4f3f-91bd-21555781077d}</UniqueIdentifier>
    </Filter>
    <Filter Include="ソース ファイル\Logic\Controller">
      <UniqueIdentifier>{58f66475-93b9-4ff2-ae92-99191381b19d}</UniqueIdentifier>
    </Filter>
    <Filter Include="ヘッダー ファイル\Logic\Command">
      <UniqueIdentifier>{d409e089-79cf-419d-8704-b2f369f49683}</UniqueIdentifier>
    </Filter>
    <Filter Include="ソース ファイル\Logic\Command">
      <UniqueIdentifier>{11f506ae-202b-4fe6-b6c8-7d0af1ae3547}</UniqueIdentifier>
    </Filter>
    <Filter Include="ソース ファイル\Topology">
      <UniqueIdentifier>{488b12fc-6e1c-4206-b5dd-b4701209b847}</UniqueIdentifier>
    </Filter>
    <Filter Include="ヘッダー ファイル\Topology">
      <UniqueIdentifier>{0483854e-d0d6-42da-a3f0-403b588be2c8}</UniqueIdentifier>
    </Filter>
    <Filter Include="ヘッダー ファイル\OpenGL\GLObject">
      <UniqueIdentifier>{84187dd4-77ba-4c78-b6fc-4570c1795434}</UniqueIdentifier>
    </Filter>
    <Filter Include="ソース ファイル\OpenGL\GLObject">
      <UniqueIdentifier>{90ebf0f0-9cbd-4c3c-81ac-43d016b054f6}</UniqueIdentifier>
    </Filter>
  </ItemGroup>
  <ItemGroup>
    <ClInclude Include="pch.h">
      <Filter>ヘッダー ファイル</Filter>
    </ClInclude>
    <ClInclude Include="VertexBuffer.h">
      <Filter>ヘッダー ファイル\OpenGL</Filter>
    </ClInclude>
    <ClInclude Include="Logger.h">
      <Filter>ヘッダー ファイル\System</Filter>
    </ClInclude>
    <ClInclude Include="Project.h">
      <Filter>ヘッダー ファイル\Application</Filter>
    </ClInclude>
    <ClInclude Include="CGALRenderer.h">
      <Filter>ヘッダー ファイル\Application</Filter>
    </ClInclude>
    <ClInclude Include="Workspace.h">
      <Filter>ヘッダー ファイル\Application</Filter>
    </ClInclude>
    <ClInclude Include="Camera.h">
      <Filter>ヘッダー ファイル\Asset</Filter>
    </ClInclude>
    <ClInclude Include="CGALModel.h">
      <Filter>ヘッダー ファイル\Asset</Filter>
    </ClInclude>
    <ClInclude Include="CGALPolyhedron.h">
      <Filter>ヘッダー ファイル\Asset</Filter>
    </ClInclude>
    <ClInclude Include="Mouse.h">
      <Filter>ヘッダー ファイル\System</Filter>
    </ClInclude>
    <ClInclude Include="MouseInput.h">
      <Filter>ヘッダー ファイル\System</Filter>
    </ClInclude>
    <ClInclude Include="SystemTypes.h">
      <Filter>ヘッダー ファイル\System</Filter>
    </ClInclude>
    <ClInclude Include="WindowEvent.h">
      <Filter>ヘッダー ファイル\System</Filter>
    </ClInclude>
    <ClInclude Include="MathHelper.h">
      <Filter>ヘッダー ファイル\Utility</Filter>
    </ClInclude>
    <ClInclude Include="Viewport.h">
      <Filter>ヘッダー ファイル\OpenGL</Filter>
    </ClInclude>
    <ClInclude Include="ShaderUtility.h">
      <Filter>ヘッダー ファイル\Utility</Filter>
    </ClInclude>
    <ClInclude Include="ModelGenerator.h">
      <Filter>ヘッダー ファイル\Utility</Filter>
    </ClInclude>
    <ClInclude Include="UniformScene.h">
      <Filter>ヘッダー ファイル\OpenGL</Filter>
    </ClInclude>
    <ClInclude Include="UniformBuffer.h">
      <Filter>ヘッダー ファイル\OpenGL</Filter>
    </ClInclude>
    <ClInclude Include="DefaultShader.h">
      <Filter>ヘッダー ファイル\OpenGL</Filter>
    </ClInclude>
    <ClInclude Include="IShader.h">
      <Filter>ヘッダー ファイル\OpenGL</Filter>
    </ClInclude>
    <ClInclude Include="ImGui\imconfig.h">
      <Filter>ImGui</Filter>
    </ClInclude>
    <ClInclude Include="ImGui\imgui.h">
      <Filter>ImGui</Filter>
    </ClInclude>
    <ClInclude Include="ImGui\imgui_internal.h">
      <Filter>ImGui</Filter>
    </ClInclude>
    <ClInclude Include="ImGui\imstb_rectpack.h">
      <Filter>ImGui</Filter>
    </ClInclude>
    <ClInclude Include="ImGui\imstb_textedit.h">
      <Filter>ImGui</Filter>
    </ClInclude>
    <ClInclude Include="ImGui\imstb_truetype.h">
      <Filter>ImGui</Filter>
    </ClInclude>
    <ClInclude Include="ImGui\imgui_impl_glfw.h">
      <Filter>ImGui</Filter>
    </ClInclude>
    <ClInclude Include="ImGui\imgui_impl_opengl3.h">
      <Filter>ImGui</Filter>
    </ClInclude>
    <ClInclude Include="BDB.h">
      <Filter>ヘッダー ファイル\Foundation</Filter>
    </ClInclude>
    <ClInclude Include="ShaderManager.h">
      <Filter>ヘッダー ファイル\OpenGL</Filter>
    </ClInclude>
    <ClInclude Include="BDBProperty.h">
      <Filter>ヘッダー ファイル\Application</Filter>
    </ClInclude>
    <ClInclude Include="IModelProperty.h">
      <Filter>ヘッダー ファイル\Application</Filter>
    </ClInclude>
    <ClInclude Include="CGALLinearCellComplex.h">
      <Filter>ヘッダー ファイル\Asset</Filter>
    </ClInclude>
    <ClInclude Include="CGALGeneralizedMaps.h">
      <Filter>ヘッダー ファイル\Asset</Filter>
    </ClInclude>
    <ClInclude Include="CameraController.h">
      <Filter>ヘッダー ファイル\Logic\Controller</Filter>
    </ClInclude>
    <ClInclude Include="SubdivisionCommand.h">
      <Filter>ヘッダー ファイル\Logic\Command</Filter>
    </ClInclude>
    <ClInclude Include="IModel.h">
      <Filter>ヘッダー ファイル\Asset</Filter>
    </ClInclude>
    <ClInclude Include="PrimitiveNode.h">
      <Filter>ヘッダー ファイル\Application</Filter>
    </ClInclude>
    <ClInclude Include="IModelNode.h">
      <Filter>ヘッダー ファイル\Asset</Filter>
    </ClInclude>
    <ClInclude Include="EventArgs.h">
      <Filter>ヘッダー ファイル\Foundation</Filter>
    </ClInclude>
    <ClInclude Include="Observer.h">
      <Filter>ヘッダー ファイル\Foundation</Filter>
    </ClInclude>
    <ClInclude Include="HalfEdgeModel.h">
      <Filter>ヘッダー ファイル\Asset</Filter>
    </ClInclude>
    <ClInclude Include="FileUtility.h">
      <Filter>ヘッダー ファイル\Utility</Filter>
    </ClInclude>
    <ClInclude Include="HalfEdgeVertex.h">
      <Filter>ヘッダー ファイル\Topology</Filter>
    </ClInclude>
    <ClInclude Include="HalfEdge.h">
      <Filter>ヘッダー ファイル\Topology</Filter>
    </ClInclude>
    <ClInclude Include="HalfEdgeFace.h">
      <Filter>ヘッダー ファイル\Topology</Filter>
    </ClInclude>
    <ClInclude Include="Interface.h">
      <Filter>ヘッダー ファイル\Foundation</Filter>
    </ClInclude>
    <ClInclude Include="ICommand.h">
      <Filter>ヘッダー ファイル\Foundation</Filter>
    </ClInclude>
    <ClInclude Include="CommandManager.h">
      <Filter>ヘッダー ファイル\Foundation</Filter>
    </ClInclude>
    <ClInclude Include="IController.h">
      <Filter>ヘッダー ファイル\Foundation</Filter>
    </ClInclude>
    <ClInclude Include="HalfEdgeDS.h">
      <Filter>ヘッダー ファイル\Topology</Filter>
    </ClInclude>
    <ClInclude Include="ModelNode.h">
      <Filter>ヘッダー ファイル\Application</Filter>
    </ClInclude>
    <ClInclude Include="VectorProperty.h">
      <Filter>ヘッダー ファイル\Application</Filter>
    </ClInclude>
    <ClInclude Include="Vertex.h">
      <Filter>ヘッダー ファイル\Topology</Filter>
    </ClInclude>
    <ClInclude Include="RenderTarget.h">
      <Filter>ヘッダー ファイル\OpenGL</Filter>
    </ClInclude>
    <ClInclude Include="FrameBuffer.h">
      <Filter>ヘッダー ファイル\OpenGL\GLObject</Filter>
    </ClInclude>
    <ClInclude Include="GLObject.h">
      <Filter>ヘッダー ファイル\OpenGL\GLObject</Filter>
    </ClInclude>
    <ClInclude Include="Texture.h">
      <Filter>ヘッダー ファイル\OpenGL\GLObject</Filter>
    </ClInclude>
    <ClInclude Include="Sampler.h">
      <Filter>ヘッダー ファイル\OpenGL\GLObject</Filter>
    </ClInclude>
    <ClInclude Include="RenderBuffer.h">
      <Filter>ヘッダー ファイル\OpenGL\GLObject</Filter>
    </ClInclude>
    <ClInclude Include="RenderTexture.h">
      <Filter>ヘッダー ファイル\OpenGL\GLObject</Filter>
    </ClInclude>
  </ItemGroup>
  <ItemGroup>
    <ClCompile Include="pch.cpp">
      <Filter>ソース ファイル</Filter>
    </ClCompile>
    <ClCompile Include="main.cpp">
      <Filter>ソース ファイル</Filter>
    </ClCompile>
    <ClCompile Include="VertexBuffer.cpp">
      <Filter>ソース ファイル\OpenGL</Filter>
    </ClCompile>
    <ClCompile Include="Logger.cpp">
      <Filter>ソース ファイル\System</Filter>
    </ClCompile>
    <ClCompile Include="Project.cpp">
      <Filter>ソース ファイル\Application</Filter>
    </ClCompile>
    <ClCompile Include="CGALRenderer.cpp">
      <Filter>ソース ファイル\Application</Filter>
    </ClCompile>
    <ClCompile Include="Workspace.cpp">
      <Filter>ソース ファイル\Application</Filter>
    </ClCompile>
    <ClCompile Include="Camera.cpp">
      <Filter>ソース ファイル\Asset</Filter>
    </ClCompile>
    <ClCompile Include="CGALPolyhedron.cpp">
      <Filter>ソース ファイル\Asset</Filter>
    </ClCompile>
    <ClCompile Include="Mouse.cpp">
      <Filter>ソース ファイル\System</Filter>
    </ClCompile>
    <ClCompile Include="MathHelper.cpp">
      <Filter>ソース ファイル\Utility</Filter>
    </ClCompile>
    <ClCompile Include="Viewport.cpp">
      <Filter>ソース ファイル\OpenGL</Filter>
    </ClCompile>
    <ClCompile Include="ShaderUtility.cpp">
      <Filter>ソース ファイル\Utility</Filter>
    </ClCompile>
    <ClCompile Include="ModelGenerator.cpp">
      <Filter>ソース ファイル\Utility</Filter>
    </ClCompile>
    <ClCompile Include="UniformScene.cpp">
      <Filter>ソース ファイル\OpenGL</Filter>
    </ClCompile>
    <ClCompile Include="DefaultShader.cpp">
      <Filter>ソース ファイル\OpenGL</Filter>
    </ClCompile>
    <ClCompile Include="IShader.cpp">
      <Filter>ソース ファイル\OpenGL</Filter>
    </ClCompile>
    <ClCompile Include="ImGui\imgui.cpp">
      <Filter>ImGui</Filter>
    </ClCompile>
    <ClCompile Include="ImGui\imgui_demo.cpp">
      <Filter>ImGui</Filter>
    </ClCompile>
    <ClCompile Include="ImGui\imgui_draw.cpp">
      <Filter>ImGui</Filter>
    </ClCompile>
    <ClCompile Include="ImGui\imgui_widgets.cpp">
      <Filter>ImGui</Filter>
    </ClCompile>
    <ClCompile Include="ImGui\imgui_impl_glfw.cpp">
      <Filter>ImGui</Filter>
    </ClCompile>
    <ClCompile Include="ImGui\imgui_impl_opengl3.cpp">
      <Filter>ImGui</Filter>
    </ClCompile>
    <ClCompile Include="BDB.cpp">
      <Filter>ソース ファイル\Foundation</Filter>
    </ClCompile>
    <ClCompile Include="ShaderManager.cpp">
      <Filter>ソース ファイル\OpenGL</Filter>
    </ClCompile>
    <ClCompile Include="BDBProperty.cpp">
      <Filter>ソース ファイル\Application</Filter>
    </ClCompile>
    <ClCompile Include="CGALLinearCellComplex.cpp">
      <Filter>ソース ファイル\Asset</Filter>
    </ClCompile>
    <ClCompile Include="CGALGeneralizedMaps.cpp">
      <Filter>ソース ファイル\Asset</Filter>
    </ClCompile>
    <ClCompile Include="CameraController.cpp">
      <Filter>ソース ファイル\Logic\Controller</Filter>
    </ClCompile>
    <ClCompile Include="SubdivisionCommand.cpp">
      <Filter>ソース ファイル\Logic\Command</Filter>
    </ClCompile>
    <ClCompile Include="PrimitiveNode.cpp">
      <Filter>ソース ファイル\Application</Filter>
    </ClCompile>
    <ClCompile Include="Observer.cpp">
      <Filter>ソース ファイル\Foundation</Filter>
    </ClCompile>
    <ClCompile Include="HalfEdgeModel.cpp">
      <Filter>ソース ファイル\Asset</Filter>
    </ClCompile>
    <ClCompile Include="IModel.cpp">
      <Filter>ソース ファイル\Asset</Filter>
    </ClCompile>
    <ClCompile Include="FileUtility.cpp">
      <Filter>ソース ファイル\Utility</Filter>
    </ClCompile>
    <ClCompile Include="HalfEdge.cpp">
      <Filter>ソース ファイル\Topology</Filter>
    </ClCompile>
    <ClCompile Include="HalfEdgeFace.cpp">
      <Filter>ソース ファイル\Topology</Filter>
    </ClCompile>
    <ClCompile Include="HalfEdgeVertex.cpp">
      <Filter>ソース ファイル\Topology</Filter>
    </ClCompile>
    <ClCompile Include="CommandManager.cpp">
      <Filter>ソース ファイル\Foundation</Filter>
    </ClCompile>
    <ClCompile Include="HalfEdgeDS.cpp">
      <Filter>ソース ファイル\Topology</Filter>
    </ClCompile>
    <ClCompile Include="ModelNode.cpp">
      <Filter>ソース ファイル\Application</Filter>
    </ClCompile>
    <ClCompile Include="VectorProperty.cpp">
      <Filter>ソース ファイル\Application</Filter>
    </ClCompile>
    <ClCompile Include="RenderTarget.cpp">
      <Filter>ソース ファイル\OpenGL</Filter>
    </ClCompile>
    <ClCompile Include="FrameBuffer.cpp">
      <Filter>ソース ファイル\OpenGL\GLObject</Filter>
    </ClCompile>
    <ClCompile Include="RenderBuffer.cpp">
      <Filter>ソース ファイル\OpenGL\GLObject</Filter>
    </ClCompile>
    <ClCompile Include="Sampler.cpp">
      <Filter>ソース ファイル\OpenGL\GLObject</Filter>
    </ClCompile>
    <ClCompile Include="Texture.cpp">
      <Filter>ソース ファイル\OpenGL\GLObject</Filter>
    </ClCompile>
    <ClCompile Include="RenderTexture.cpp">
      <Filter>ソース ファイル\OpenGL\GLObject</Filter>
    </ClCompile>
  </ItemGroup>
</Project>