<?xml version="1.0" encoding="utf-8"?>
<Project ToolsVersion="4.0" xmlns="http://schemas.microsoft.com/developer/msbuild/2003">
  <ItemGroup>
    <Filter Include="ソース ファイル">
      <UniqueIdentifier>{4FC737F1-C7A5-4376-A066-2A32D752A2FF}</UniqueIdentifier>
      <Extensions>cpp;c;cc;cxx;def;odl;idl;hpj;bat;asm;asmx</Extensions>
    </Filter>
    <Filter Include="ヘッダー ファイル">
      <UniqueIdentifier>{93995380-89BD-4b04-88EB-625FBE52EBFB}</UniqueIdentifier>
      <Extensions>h;hh;hpp;hxx;hm;inl;inc;ipp;xsd</Extensions>
    </Filter>
    <Filter Include="リソース ファイル">
      <UniqueIdentifier>{67DA6AB6-F800-4c08-8B7A-83BB121AAD01}</UniqueIdentifier>
      <Extensions>rc;ico;cur;bmp;dlg;rc2;rct;bin;rgs;gif;jpg;jpeg;jpe;resx;tiff;tif;png;wav;mfcribbon-ms</Extensions>
    </Filter>
    <Filter Include="ソース ファイル\HalfEdge">
      <UniqueIdentifier>{f9313bb0-99a0-411f-9409-e66369f6e49e}</UniqueIdentifier>
    </Filter>
    <Filter Include="ヘッダー ファイル\HalfEdge">
      <UniqueIdentifier>{44a234ce-5951-4553-ac98-1c77f26c3e1a}</UniqueIdentifier>
    </Filter>
    <Filter Include="ヘッダー ファイル\HalfEdge\Operator">
      <UniqueIdentifier>{ed466592-e592-4e20-94f6-1c6facdac5e8}</UniqueIdentifier>
    </Filter>
    <Filter Include="ソース ファイル\HalfEdge\Operator">
      <UniqueIdentifier>{d67f4c59-d066-4e31-9f5f-b4e456d63363}</UniqueIdentifier>
    </Filter>
    <Filter Include="ソース ファイル\Primitive">
      <UniqueIdentifier>{dd728293-cfdc-4384-8721-52d92db7a4aa}</UniqueIdentifier>
    </Filter>
    <Filter Include="ヘッダー ファイル\Primitive">
      <UniqueIdentifier>{c16a354e-7343-48a3-a8f3-0bd9c458501d}</UniqueIdentifier>
    </Filter>
    <Filter Include="ソース ファイル\Repository">
      <UniqueIdentifier>{c956d6cb-6254-41f2-ab03-fe254ef32415}</UniqueIdentifier>
    </Filter>
    <Filter Include="ヘッダー ファイル\Reository">
      <UniqueIdentifier>{56d7e608-ee6f-408b-b52f-d3281a84405b}</UniqueIdentifier>
    </Filter>
    <Filter Include="ソース ファイル\Status">
      <UniqueIdentifier>{4b414ea5-8764-48f4-b633-83fc150c534b}</UniqueIdentifier>
    </Filter>
    <Filter Include="ヘッダー ファイル\Status">
      <UniqueIdentifier>{2439aa41-fd7b-4dd9-a862-8fea0defc001}</UniqueIdentifier>
    </Filter>
  </ItemGroup>
  <ItemGroup>
    <ClInclude Include="stdafx.h">
      <Filter>ヘッダー ファイル</Filter>
    </ClInclude>
    <ClInclude Include="targetver.h">
      <Filter>ヘッダー ファイル</Filter>
    </ClInclude>
    <ClInclude Include="HalfEdgeOperator.h">
      <Filter>ヘッダー ファイル\HalfEdge\Operator</Filter>
    </ClInclude>
    <ClInclude Include="pch.h">
      <Filter>ヘッダー ファイル</Filter>
    </ClInclude>
    <ClInclude Include="HalfEdge.h">
      <Filter>ヘッダー ファイル\HalfEdge</Filter>
    </ClInclude>
    <ClInclude Include="HalfEdgeDS.h">
      <Filter>ヘッダー ファイル\HalfEdge</Filter>
    </ClInclude>
    <ClInclude Include="HalfEdgeFace.h">
      <Filter>ヘッダー ファイル\HalfEdge</Filter>
    </ClInclude>
    <ClInclude Include="HalfEdgeVertex.h">
      <Filter>ヘッダー ファイル\HalfEdge</Filter>
    </ClInclude>
    <ClInclude Include="Cone.h">
      <Filter>ヘッダー ファイル\Primitive</Filter>
    </ClInclude>
    <ClInclude Include="Cube.h">
      <Filter>ヘッダー ファイル\Primitive</Filter>
    </ClInclude>
    <ClInclude Include="IPrimitive.h">
      <Filter>ヘッダー ファイル\Primitive</Filter>
    </ClInclude>
    <ClInclude Include="Sphere.h">
      <Filter>ヘッダー ファイル\Primitive</Filter>
    </ClInclude>
    <ClInclude Include="Ray.h">
      <Filter>ヘッダー ファイル\Primitive</Filter>
    </ClInclude>
    <ClInclude Include="Icosahedron.h">
      <Filter>ヘッダー ファイル\Primitive</Filter>
    </ClInclude>
    <ClInclude Include="Quad.h">
      <Filter>ヘッダー ファイル\Primitive</Filter>
    </ClInclude>
    <ClInclude Include="Torus.h">
      <Filter>ヘッダー ファイル\Primitive</Filter>
    </ClInclude>
    <ClInclude Include="Cylinder.h">
      <Filter>ヘッダー ファイル\Primitive</Filter>
    </ClInclude>
    <ClInclude Include="HalfEdgeRepository.h">
      <Filter>ヘッダー ファイル\Reository</Filter>
    </ClInclude>
    <ClInclude Include="AdjancyMatrix.h">
      <Filter>ヘッダー ファイル\HalfEdge\Operator</Filter>
    </ClInclude>
    <ClInclude Include="DownSampling.h">
      <Filter>ヘッダー ファイル\HalfEdge\Operator</Filter>
    </ClInclude>
    <ClInclude Include="HalfEdgeAdjancyMatrix.h">
      <Filter>ヘッダー ファイル\HalfEdge\Operator</Filter>
    </ClInclude>
    <ClInclude Include="AlignOrientation.h">
      <Filter>ヘッダー ファイル</Filter>
    </ClInclude>
  </ItemGroup>
  <ItemGroup>
    <ClCompile Include="stdafx.cpp">
      <Filter>ソース ファイル</Filter>
    </ClCompile>
    <ClCompile Include="HalfEdgeOperator.cpp">
      <Filter>ソース ファイル\HalfEdge\Operator</Filter>
    </ClCompile>
    <ClCompile Include="HalfEdge.cpp">
      <Filter>ソース ファイル\HalfEdge</Filter>
    </ClCompile>
    <ClCompile Include="HalfEdgeDS.cpp">
      <Filter>ソース ファイル\HalfEdge</Filter>
    </ClCompile>
    <ClCompile Include="HalfEdgeFace.cpp">
      <Filter>ソース ファイル\HalfEdge</Filter>
    </ClCompile>
    <ClCompile Include="HalfEdgeVertex.cpp">
      <Filter>ソース ファイル\HalfEdge</Filter>
    </ClCompile>
    <ClCompile Include="Cone.cpp">
      <Filter>ソース ファイル\Primitive</Filter>
    </ClCompile>
    <ClCompile Include="Cube.cpp">
      <Filter>ソース ファイル\Primitive</Filter>
    </ClCompile>
    <ClCompile Include="IPrimitive.cpp">
      <Filter>ソース ファイル\Primitive</Filter>
    </ClCompile>
    <ClCompile Include="Sphere.cpp">
      <Filter>ソース ファイル\Primitive</Filter>
    </ClCompile>
    <ClCompile Include="Icosahedron.cpp">
      <Filter>ソース ファイル\Primitive</Filter>
    </ClCompile>
    <ClCompile Include="Quad.cpp">
      <Filter>ソース ファイル\Primitive</Filter>
    </ClCompile>
    <ClCompile Include="Torus.cpp">
      <Filter>ソース ファイル\Primitive</Filter>
    </ClCompile>
    <ClCompile Include="Cylinder.cpp">
      <Filter>ソース ファイル\Primitive</Filter>
    </ClCompile>
    <ClCompile Include="HalfEdgeRepository.cpp">
      <Filter>ソース ファイル\Repository</Filter>
    </ClCompile>
    <ClCompile Include="AdjancyMatrix.cpp">
      <Filter>ソース ファイル\HalfEdge\Operator</Filter>
    </ClCompile>
    <ClCompile Include="DownSampling.cpp">
      <Filter>ソース ファイル\HalfEdge\Operator</Filter>
    </ClCompile>
    <ClCompile Include="HalfEdgeAdjancyMatrix.cpp">
      <Filter>ソース ファイル\HalfEdge\Operator</Filter>
    </ClCompile>
    <ClCompile Include="AlignOrientation.cpp">
      <Filter>ソース ファイル</Filter>
    </ClCompile>
  </ItemGroup>
</Project>