<?xml version="1.0" encoding="utf-8"?>
<Project ToolsVersion="4.0" xmlns="http://schemas.microsoft.com/developer/msbuild/2003">
  <ItemGroup>
    <Filter Include="ソース ファイル">
      <UniqueIdentifier>{4FC737F1-C7A5-4376-A066-2A32D752A2FF}</UniqueIdentifier>
      <Extensions>cpp;c;cc;cxx;def;odl;idl;hpj;bat;asm;asmx</Extensions>
    </Filter>
    <Filter Include="ヘッダー ファイル">
      <UniqueIdentifier>{93995380-89BD-4b04-88EB-625FBE52EBFB}</UniqueIdentifier>
      <Extensions>h;hh;hpp;hxx;hm;inl;inc;ipp;xsd</Extensions>
    </Filter>
    <Filter Include="リソース ファイル">
      <UniqueIdentifier>{67DA6AB6-F800-4c08-8B7A-83BB121AAD01}</UniqueIdentifier>
      <Extensions>rc;ico;cur;bmp;dlg;rc2;rct;bin;rgs;gif;jpg;jpeg;jpe;resx;tiff;tif;png;wav;mfcribbon-ms</Extensions>
    </Filter>
    <Filter Include="ソース ファイル\GLState">
      <UniqueIdentifier>{0b8090a7-2685-4d7d-9bed-b90a3ec7fde5}</UniqueIdentifier>
    </Filter>
    <Filter Include="ヘッダー ファイル\GLState">
      <UniqueIdentifier>{a26c13ab-0fea-4444-9615-021389d122f1}</UniqueIdentifier>
    </Filter>
    <Filter Include="ソース ファイル\GLObject">
      <UniqueIdentifier>{36bc8b63-26a1-4546-94de-9acc906dee0b}</UniqueIdentifier>
    </Filter>
    <Filter Include="ヘッダー ファイル\GLObject">
      <UniqueIdentifier>{9704c5bd-f65c-4eca-b83c-c76657114818}</UniqueIdentifier>
    </Filter>
    <Filter Include="ヘッダー ファイル\Interface">
      <UniqueIdentifier>{467bf899-c403-4f5a-80d1-fc7c82763a11}</UniqueIdentifier>
    </Filter>
    <Filter Include="ソース ファイル\Interface">
      <UniqueIdentifier>{2f5b0805-d1c0-4038-95bf-f088cb2396ef}</UniqueIdentifier>
    </Filter>
    <Filter Include="ソース ファイル\Utility">
      <UniqueIdentifier>{49b0f96c-bbad-4acc-b423-acd499292e02}</UniqueIdentifier>
    </Filter>
    <Filter Include="ヘッダー ファイル\Utility">
      <UniqueIdentifier>{eeed6b01-ee34-4363-8705-3923188239d6}</UniqueIdentifier>
    </Filter>
  </ItemGroup>
  <ItemGroup>
    <ClInclude Include="stdafx.h">
      <Filter>ヘッダー ファイル</Filter>
    </ClInclude>
    <ClInclude Include="targetver.h">
      <Filter>ヘッダー ファイル</Filter>
    </ClInclude>
    <ClInclude Include="GLTypes.h">
      <Filter>ヘッダー ファイル</Filter>
    </ClInclude>
    <ClInclude Include="RenderTarget.h">
      <Filter>ヘッダー ファイル</Filter>
    </ClInclude>
    <ClInclude Include="SymbolicRenderTarget.h">
      <Filter>ヘッダー ファイル</Filter>
    </ClInclude>
    <ClInclude Include="Viewport.h">
      <Filter>ヘッダー ファイル</Filter>
    </ClInclude>
    <ClInclude Include="LineState.h">
      <Filter>ヘッダー ファイル\GLState</Filter>
    </ClInclude>
    <ClInclude Include="PointState.h">
      <Filter>ヘッダー ファイル\GLState</Filter>
    </ClInclude>
    <ClInclude Include="RenderBuffer.h">
      <Filter>ヘッダー ファイル\GLObject</Filter>
    </ClInclude>
    <ClInclude Include="RenderTexture.h">
      <Filter>ヘッダー ファイル\GLObject</Filter>
    </ClInclude>
    <ClInclude Include="FrameBuffer.h">
      <Filter>ヘッダー ファイル\GLObject</Filter>
    </ClInclude>
    <ClInclude Include="Texture.h">
      <Filter>ヘッダー ファイル\GLObject</Filter>
    </ClInclude>
    <ClInclude Include="Sampler.h">
      <Filter>ヘッダー ファイル\GLObject</Filter>
    </ClInclude>
    <ClInclude Include="pch.h">
      <Filter>ヘッダー ファイル</Filter>
    </ClInclude>
    <ClInclude Include="GfxTypes.h">
      <Filter>ヘッダー ファイル</Filter>
    </ClInclude>
    <ClInclude Include="ShaderUtility.h">
      <Filter>ヘッダー ファイル</Filter>
    </ClInclude>
    <ClInclude Include="IRenderTarget.h">
      <Filter>ヘッダー ファイル\Interface</Filter>
    </ClInclude>
    <ClInclude Include="IShader.h">
      <Filter>ヘッダー ファイル\Interface</Filter>
    </ClInclude>
    <ClInclude Include="IUniform.h">
      <Filter>ヘッダー ファイル\Interface</Filter>
    </ClInclude>
    <ClInclude Include="IVertexBuffer.h">
      <Filter>ヘッダー ファイル\Interface</Filter>
    </ClInclude>
    <ClInclude Include="IndexBuffer.h">
      <Filter>ヘッダー ファイル\GLObject</Filter>
    </ClInclude>
    <ClInclude Include="ArrayBuffer.h">
      <Filter>ヘッダー ファイル\GLObject</Filter>
    </ClInclude>
    <ClInclude Include="UniformBuffer.h">
      <Filter>ヘッダー ファイル\GLObject</Filter>
    </ClInclude>
    <ClInclude Include="IGLState.h">
      <Filter>ヘッダー ファイル\Interface</Filter>
    </ClInclude>
    <ClInclude Include="IGLObject.h">
      <Filter>ヘッダー ファイル\Interface</Filter>
    </ClInclude>
    <ClInclude Include="IShaderDefine.h">
      <Filter>ヘッダー ファイル\Interface</Filter>
    </ClInclude>
    <ClInclude Include="IShaderCode.h">
      <Filter>ヘッダー ファイル\Interface</Filter>
    </ClInclude>
    <ClInclude Include="IShaderBuildInfo.h">
      <Filter>ヘッダー ファイル\Interface</Filter>
    </ClInclude>
    <ClInclude Include="IAttribute.h">
      <Filter>ヘッダー ファイル\Interface</Filter>
    </ClInclude>
    <ClInclude Include="GLIterator.h">
      <Filter>ヘッダー ファイル\Utility</Filter>
    </ClInclude>
  </ItemGroup>
  <ItemGroup>
    <ClCompile Include="stdafx.cpp">
      <Filter>ソース ファイル</Filter>
    </ClCompile>
    <ClCompile Include="RenderTarget.cpp">
      <Filter>ソース ファイル</Filter>
    </ClCompile>
    <ClCompile Include="Viewport.cpp">
      <Filter>ソース ファイル</Filter>
    </ClCompile>
    <ClCompile Include="SymbolicRenderTarget.cpp">
      <Filter>ソース ファイル</Filter>
    </ClCompile>
    <ClCompile Include="FrameBuffer.cpp">
      <Filter>ソース ファイル\GLObject</Filter>
    </ClCompile>
    <ClCompile Include="GLObject.cpp">
      <Filter>ソース ファイル\GLObject</Filter>
    </ClCompile>
    <ClCompile Include="RenderBuffer.cpp">
      <Filter>ソース ファイル\GLObject</Filter>
    </ClCompile>
    <ClCompile Include="RenderTexture.cpp">
      <Filter>ソース ファイル\GLObject</Filter>
    </ClCompile>
    <ClCompile Include="Sampler.cpp">
      <Filter>ソース ファイル\GLObject</Filter>
    </ClCompile>
    <ClCompile Include="Texture.cpp">
      <Filter>ソース ファイル\GLObject</Filter>
    </ClCompile>
    <ClCompile Include="LineState.cpp">
      <Filter>ソース ファイル\GLState</Filter>
    </ClCompile>
    <ClCompile Include="PointState.cpp">
      <Filter>ソース ファイル\GLState</Filter>
    </ClCompile>
    <ClCompile Include="ShaderUtility.cpp">
      <Filter>ソース ファイル</Filter>
    </ClCompile>
    <ClCompile Include="IndexBuffer.cpp">
      <Filter>ソース ファイル\GLObject</Filter>
    </ClCompile>
    <ClCompile Include="UniformBuffer.cpp">
      <Filter>ソース ファイル\GLObject</Filter>
    </ClCompile>
    <ClCompile Include="ArrayBuffer.cpp">
      <Filter>ソース ファイル\GLObject</Filter>
    </ClCompile>
    <ClCompile Include="IVertexBuffer.cpp">
      <Filter>ソース ファイル\Interface</Filter>
    </ClCompile>
    <ClCompile Include="IRenderTarget.cpp">
      <Filter>ソース ファイル\Interface</Filter>
    </ClCompile>
    <ClCompile Include="IShader.cpp">
      <Filter>ソース ファイル\Interface</Filter>
    </ClCompile>
    <ClCompile Include="IShaderCode.cpp">
      <Filter>ソース ファイル\Interface</Filter>
    </ClCompile>
    <ClCompile Include="IShaderBuildInfo.cpp">
      <Filter>ソース ファイル\Interface</Filter>
    </ClCompile>
    <ClCompile Include="IUniform.cpp">
      <Filter>ソース ファイル\Interface</Filter>
    </ClCompile>
    <ClCompile Include="GLIterator.cpp">
      <Filter>ソース ファイル\Utility</Filter>
    </ClCompile>
  </ItemGroup>
</Project>